
Microsoft Visual Studio Solution File, Format Version 12.00
# Visual Studio Version 16
VisualStudioVersion = 16.0.30128.74
MinimumVisualStudioVersion = 10.0.40219.1
Project("{9A19103F-16F7-4668-BE54-9A1E7A4F7556}") = "SCMM.Web.Server", "SCMM.Web.Server\SCMM.Web.Server.csproj", "{BDEAE90D-78DB-4B26-8787-A252019D953F}"
EndProject
Project("{9A19103F-16F7-4668-BE54-9A1E7A4F7556}") = "SCMM.Web.Client", "SCMM.Web.Client\SCMM.Web.Client.csproj", "{DE79657C-1168-4BDC-8FCD-847D954D927B}"
EndProject
Project("{9A19103F-16F7-4668-BE54-9A1E7A4F7556}") = "SCMM.Web.Data.Models", "SCMM.Web.Data.Models\SCMM.Web.Data.Models.csproj", "{FAC644D5-AF9F-4BB3-9BD4-5D88D4FF1679}"
EndProject
Project("{9A19103F-16F7-4668-BE54-9A1E7A4F7556}") = "SCMM.Steam.Data.Models", "SCMM.Steam.Data.Models\SCMM.Steam.Data.Models.csproj", "{F6652B9A-83B4-46AD-B60F-728ED52067AD}"
EndProject
Project("{9A19103F-16F7-4668-BE54-9A1E7A4F7556}") = "SCMM.Steam.Client", "SCMM.Steam.Client\SCMM.Steam.Client.csproj", "{FA5B8530-4CDA-450A-AA1A-AAD6FB504AEB}"
EndProject
Project("{9A19103F-16F7-4668-BE54-9A1E7A4F7556}") = "SCMM.Discord.Client", "SCMM.Discord.Client\SCMM.Discord.Client.csproj", "{7758AAAB-B3CC-488C-B1F7-C6DB12D55F85}"
EndProject
Project("{9A19103F-16F7-4668-BE54-9A1E7A4F7556}") = "SCMM.Google.Client", "SCMM.Google.Client\SCMM.Google.Client.csproj", "{50718BA1-B4A7-4893-9B51-6FAAB1D04368}"
EndProject
Project("{2150E333-8FDC-42A3-9474-1A3956D46DE8}") = "Discord", "Discord", "{07DD2636-851D-4EA0-B074-E4F11A9B086C}"
EndProject
Project("{2150E333-8FDC-42A3-9474-1A3956D46DE8}") = "Google", "Google", "{88C45788-E37C-4182-AEE1-FDB9030E627E}"
EndProject
Project("{2150E333-8FDC-42A3-9474-1A3956D46DE8}") = "Web", "Web", "{705F597A-7FBF-461A-960C-9BE362857725}"
EndProject
Project("{2150E333-8FDC-42A3-9474-1A3956D46DE8}") = "Steam", "Steam", "{E0FE58D1-3036-485C-9289-38E68D937B94}"
EndProject
Project("{9A19103F-16F7-4668-BE54-9A1E7A4F7556}") = "SCMM.Discord.Data.Store", "SCMM.Discord.Data.Store\SCMM.Discord.Data.Store.csproj", "{A5AA4ECA-E549-4097-8F9F-83AD84D6B33B}"
EndProject
Project("{9A19103F-16F7-4668-BE54-9A1E7A4F7556}") = "SCMM.Steam.Data.Store", "SCMM.Steam.Data.Store\SCMM.Steam.Data.Store.csproj", "{7BD5E13B-C2F2-41F1-B0D9-F2B20BB9F30E}"
EndProject
Project("{2150E333-8FDC-42A3-9474-1A3956D46DE8}") = "Shared", "Shared", "{7E2E7FB5-0C7A-4B48-815B-4E0FFB4D2388}"
EndProject
Project("{9A19103F-16F7-4668-BE54-9A1E7A4F7556}") = "SCMM.Shared.Data.Models", "SCMM.Shared.Data.Models\SCMM.Shared.Data.Models.csproj", "{0DDDCB24-F6F4-414D-B0F2-F6C38DA1DDD7}"
EndProject
Project("{9A19103F-16F7-4668-BE54-9A1E7A4F7556}") = "SCMM.Google.Data.Models", "SCMM.Google.Data.Models\SCMM.Google.Data.Models.csproj", "{403A37E9-B500-4A70-8461-6EF9A9764C47}"
EndProject
Project("{9A19103F-16F7-4668-BE54-9A1E7A4F7556}") = "SCMM.Discord.Data.Models", "SCMM.Discord.Data.Models\SCMM.Discord.Data.Models.csproj", "{64E92475-A23F-4609-ABCE-C7BCA095D4B3}"
EndProject
Project("{9A19103F-16F7-4668-BE54-9A1E7A4F7556}") = "SCMM.Shared.Data.Store", "SCMM.Shared.Data.Store\SCMM.Shared.Data.Store.csproj", "{4DD57893-011D-47DF-B31E-9F22B8D4DAB4}"
EndProject
Project("{9A19103F-16F7-4668-BE54-9A1E7A4F7556}") = "SCMM.Discord.Bot.Server", "SCMM.Discord.Bot.Server\SCMM.Discord.Bot.Server.csproj", "{B389A23B-083F-4E57-868D-0F03C4076E62}"
EndProject
Project("{9A19103F-16F7-4668-BE54-9A1E7A4F7556}") = "SCMM.Steam.API", "SCMM.Steam.API\SCMM.Steam.API.csproj", "{71B4E4D0-36ED-4619-819B-2FEC6E3238DC}"
EndProject
Project("{9A19103F-16F7-4668-BE54-9A1E7A4F7556}") = "SCMM.Steam.Job.Server", "SCMM.Steam.Job.Server\SCMM.Steam.Job.Server.csproj", "{8CE12D04-D0FF-4991-86D2-40F58AD65304}"
EndProject
Project("{9A19103F-16F7-4668-BE54-9A1E7A4F7556}") = "SCMM.Shared.Web", "SCMM.Shared.Web\SCMM.Shared.Web.csproj", "{0415245A-6DA8-4DD8-91EE-392E7224CF82}"
EndProject
Project("{9A19103F-16F7-4668-BE54-9A1E7A4F7556}") = "SCMM.Shared.API", "SCMM.Shared.API\SCMM.Shared.API.csproj", "{3F819F96-ACC8-4A5F-A6D9-3C2E5C87808D}"
EndProject
Project("{9A19103F-16F7-4668-BE54-9A1E7A4F7556}") = "SCMM.Shared.Client", "SCMM.Shared.Client\SCMM.Shared.Client.csproj", "{66315C07-D672-4A05-B8FC-881E14C41075}"
EndProject
Project("{FAE04EC0-301F-11D3-BF4B-00C04F79EFBC}") = "SCMM.Discord.API", "SCMM.Discord.API\SCMM.Discord.API.csproj", "{DD380BE2-5025-4FFF-84F3-20EFBB5A702F}"
EndProject
Global
	GlobalSection(SolutionConfigurationPlatforms) = preSolution
		Debug|Any CPU = Debug|Any CPU
		Debug|x64 = Debug|x64
		Debug|x86 = Debug|x86
		Release|Any CPU = Release|Any CPU
		Release|x64 = Release|x64
		Release|x86 = Release|x86
	EndGlobalSection
	GlobalSection(ProjectConfigurationPlatforms) = postSolution
		{BDEAE90D-78DB-4B26-8787-A252019D953F}.Debug|Any CPU.ActiveCfg = Debug|Any CPU
		{BDEAE90D-78DB-4B26-8787-A252019D953F}.Debug|Any CPU.Build.0 = Debug|Any CPU
		{BDEAE90D-78DB-4B26-8787-A252019D953F}.Debug|x64.ActiveCfg = Debug|Any CPU
		{BDEAE90D-78DB-4B26-8787-A252019D953F}.Debug|x64.Build.0 = Debug|Any CPU
		{BDEAE90D-78DB-4B26-8787-A252019D953F}.Debug|x86.ActiveCfg = Debug|Any CPU
		{BDEAE90D-78DB-4B26-8787-A252019D953F}.Debug|x86.Build.0 = Debug|Any CPU
		{BDEAE90D-78DB-4B26-8787-A252019D953F}.Release|Any CPU.ActiveCfg = Release|Any CPU
		{BDEAE90D-78DB-4B26-8787-A252019D953F}.Release|Any CPU.Build.0 = Release|Any CPU
		{BDEAE90D-78DB-4B26-8787-A252019D953F}.Release|x64.ActiveCfg = Release|Any CPU
		{BDEAE90D-78DB-4B26-8787-A252019D953F}.Release|x64.Build.0 = Release|Any CPU
		{BDEAE90D-78DB-4B26-8787-A252019D953F}.Release|x86.ActiveCfg = Release|Any CPU
		{BDEAE90D-78DB-4B26-8787-A252019D953F}.Release|x86.Build.0 = Release|Any CPU
		{DE79657C-1168-4BDC-8FCD-847D954D927B}.Debug|Any CPU.ActiveCfg = Debug|Any CPU
		{DE79657C-1168-4BDC-8FCD-847D954D927B}.Debug|Any CPU.Build.0 = Debug|Any CPU
		{DE79657C-1168-4BDC-8FCD-847D954D927B}.Debug|x64.ActiveCfg = Debug|Any CPU
		{DE79657C-1168-4BDC-8FCD-847D954D927B}.Debug|x64.Build.0 = Debug|Any CPU
		{DE79657C-1168-4BDC-8FCD-847D954D927B}.Debug|x86.ActiveCfg = Debug|Any CPU
		{DE79657C-1168-4BDC-8FCD-847D954D927B}.Debug|x86.Build.0 = Debug|Any CPU
		{DE79657C-1168-4BDC-8FCD-847D954D927B}.Release|Any CPU.ActiveCfg = Release|Any CPU
		{DE79657C-1168-4BDC-8FCD-847D954D927B}.Release|Any CPU.Build.0 = Release|Any CPU
		{DE79657C-1168-4BDC-8FCD-847D954D927B}.Release|x64.ActiveCfg = Release|Any CPU
		{DE79657C-1168-4BDC-8FCD-847D954D927B}.Release|x64.Build.0 = Release|Any CPU
		{DE79657C-1168-4BDC-8FCD-847D954D927B}.Release|x86.ActiveCfg = Release|Any CPU
		{DE79657C-1168-4BDC-8FCD-847D954D927B}.Release|x86.Build.0 = Release|Any CPU
		{FAC644D5-AF9F-4BB3-9BD4-5D88D4FF1679}.Debug|Any CPU.ActiveCfg = Debug|Any CPU
		{FAC644D5-AF9F-4BB3-9BD4-5D88D4FF1679}.Debug|Any CPU.Build.0 = Debug|Any CPU
		{FAC644D5-AF9F-4BB3-9BD4-5D88D4FF1679}.Debug|x64.ActiveCfg = Debug|Any CPU
		{FAC644D5-AF9F-4BB3-9BD4-5D88D4FF1679}.Debug|x64.Build.0 = Debug|Any CPU
		{FAC644D5-AF9F-4BB3-9BD4-5D88D4FF1679}.Debug|x86.ActiveCfg = Debug|Any CPU
		{FAC644D5-AF9F-4BB3-9BD4-5D88D4FF1679}.Debug|x86.Build.0 = Debug|Any CPU
		{FAC644D5-AF9F-4BB3-9BD4-5D88D4FF1679}.Release|Any CPU.ActiveCfg = Release|Any CPU
		{FAC644D5-AF9F-4BB3-9BD4-5D88D4FF1679}.Release|Any CPU.Build.0 = Release|Any CPU
		{FAC644D5-AF9F-4BB3-9BD4-5D88D4FF1679}.Release|x64.ActiveCfg = Release|Any CPU
		{FAC644D5-AF9F-4BB3-9BD4-5D88D4FF1679}.Release|x64.Build.0 = Release|Any CPU
		{FAC644D5-AF9F-4BB3-9BD4-5D88D4FF1679}.Release|x86.ActiveCfg = Release|Any CPU
		{FAC644D5-AF9F-4BB3-9BD4-5D88D4FF1679}.Release|x86.Build.0 = Release|Any CPU
		{F6652B9A-83B4-46AD-B60F-728ED52067AD}.Debug|Any CPU.ActiveCfg = Debug|Any CPU
		{F6652B9A-83B4-46AD-B60F-728ED52067AD}.Debug|Any CPU.Build.0 = Debug|Any CPU
		{F6652B9A-83B4-46AD-B60F-728ED52067AD}.Debug|x64.ActiveCfg = Debug|Any CPU
		{F6652B9A-83B4-46AD-B60F-728ED52067AD}.Debug|x64.Build.0 = Debug|Any CPU
		{F6652B9A-83B4-46AD-B60F-728ED52067AD}.Debug|x86.ActiveCfg = Debug|Any CPU
		{F6652B9A-83B4-46AD-B60F-728ED52067AD}.Debug|x86.Build.0 = Debug|Any CPU
		{F6652B9A-83B4-46AD-B60F-728ED52067AD}.Release|Any CPU.ActiveCfg = Release|Any CPU
		{F6652B9A-83B4-46AD-B60F-728ED52067AD}.Release|Any CPU.Build.0 = Release|Any CPU
		{F6652B9A-83B4-46AD-B60F-728ED52067AD}.Release|x64.ActiveCfg = Release|Any CPU
		{F6652B9A-83B4-46AD-B60F-728ED52067AD}.Release|x64.Build.0 = Release|Any CPU
		{F6652B9A-83B4-46AD-B60F-728ED52067AD}.Release|x86.ActiveCfg = Release|Any CPU
		{F6652B9A-83B4-46AD-B60F-728ED52067AD}.Release|x86.Build.0 = Release|Any CPU
		{FA5B8530-4CDA-450A-AA1A-AAD6FB504AEB}.Debug|Any CPU.ActiveCfg = Debug|Any CPU
		{FA5B8530-4CDA-450A-AA1A-AAD6FB504AEB}.Debug|Any CPU.Build.0 = Debug|Any CPU
		{FA5B8530-4CDA-450A-AA1A-AAD6FB504AEB}.Debug|x64.ActiveCfg = Debug|Any CPU
		{FA5B8530-4CDA-450A-AA1A-AAD6FB504AEB}.Debug|x64.Build.0 = Debug|Any CPU
		{FA5B8530-4CDA-450A-AA1A-AAD6FB504AEB}.Debug|x86.ActiveCfg = Debug|Any CPU
		{FA5B8530-4CDA-450A-AA1A-AAD6FB504AEB}.Debug|x86.Build.0 = Debug|Any CPU
		{FA5B8530-4CDA-450A-AA1A-AAD6FB504AEB}.Release|Any CPU.ActiveCfg = Release|Any CPU
		{FA5B8530-4CDA-450A-AA1A-AAD6FB504AEB}.Release|Any CPU.Build.0 = Release|Any CPU
		{FA5B8530-4CDA-450A-AA1A-AAD6FB504AEB}.Release|x64.ActiveCfg = Release|Any CPU
		{FA5B8530-4CDA-450A-AA1A-AAD6FB504AEB}.Release|x64.Build.0 = Release|Any CPU
		{FA5B8530-4CDA-450A-AA1A-AAD6FB504AEB}.Release|x86.ActiveCfg = Release|Any CPU
		{FA5B8530-4CDA-450A-AA1A-AAD6FB504AEB}.Release|x86.Build.0 = Release|Any CPU
		{7758AAAB-B3CC-488C-B1F7-C6DB12D55F85}.Debug|Any CPU.ActiveCfg = Debug|Any CPU
		{7758AAAB-B3CC-488C-B1F7-C6DB12D55F85}.Debug|Any CPU.Build.0 = Debug|Any CPU
		{7758AAAB-B3CC-488C-B1F7-C6DB12D55F85}.Debug|x64.ActiveCfg = Debug|Any CPU
		{7758AAAB-B3CC-488C-B1F7-C6DB12D55F85}.Debug|x64.Build.0 = Debug|Any CPU
		{7758AAAB-B3CC-488C-B1F7-C6DB12D55F85}.Debug|x86.ActiveCfg = Debug|Any CPU
		{7758AAAB-B3CC-488C-B1F7-C6DB12D55F85}.Debug|x86.Build.0 = Debug|Any CPU
		{7758AAAB-B3CC-488C-B1F7-C6DB12D55F85}.Release|Any CPU.ActiveCfg = Release|Any CPU
		{7758AAAB-B3CC-488C-B1F7-C6DB12D55F85}.Release|Any CPU.Build.0 = Release|Any CPU
		{7758AAAB-B3CC-488C-B1F7-C6DB12D55F85}.Release|x64.ActiveCfg = Release|Any CPU
		{7758AAAB-B3CC-488C-B1F7-C6DB12D55F85}.Release|x64.Build.0 = Release|Any CPU
		{7758AAAB-B3CC-488C-B1F7-C6DB12D55F85}.Release|x86.ActiveCfg = Release|Any CPU
		{7758AAAB-B3CC-488C-B1F7-C6DB12D55F85}.Release|x86.Build.0 = Release|Any CPU
		{50718BA1-B4A7-4893-9B51-6FAAB1D04368}.Debug|Any CPU.ActiveCfg = Debug|Any CPU
		{50718BA1-B4A7-4893-9B51-6FAAB1D04368}.Debug|Any CPU.Build.0 = Debug|Any CPU
		{50718BA1-B4A7-4893-9B51-6FAAB1D04368}.Debug|x64.ActiveCfg = Debug|Any CPU
		{50718BA1-B4A7-4893-9B51-6FAAB1D04368}.Debug|x64.Build.0 = Debug|Any CPU
		{50718BA1-B4A7-4893-9B51-6FAAB1D04368}.Debug|x86.ActiveCfg = Debug|Any CPU
		{50718BA1-B4A7-4893-9B51-6FAAB1D04368}.Debug|x86.Build.0 = Debug|Any CPU
		{50718BA1-B4A7-4893-9B51-6FAAB1D04368}.Release|Any CPU.ActiveCfg = Release|Any CPU
		{50718BA1-B4A7-4893-9B51-6FAAB1D04368}.Release|Any CPU.Build.0 = Release|Any CPU
		{50718BA1-B4A7-4893-9B51-6FAAB1D04368}.Release|x64.ActiveCfg = Release|Any CPU
		{50718BA1-B4A7-4893-9B51-6FAAB1D04368}.Release|x64.Build.0 = Release|Any CPU
		{50718BA1-B4A7-4893-9B51-6FAAB1D04368}.Release|x86.ActiveCfg = Release|Any CPU
		{50718BA1-B4A7-4893-9B51-6FAAB1D04368}.Release|x86.Build.0 = Release|Any CPU
		{A5AA4ECA-E549-4097-8F9F-83AD84D6B33B}.Debug|Any CPU.ActiveCfg = Debug|Any CPU
		{A5AA4ECA-E549-4097-8F9F-83AD84D6B33B}.Debug|Any CPU.Build.0 = Debug|Any CPU
		{A5AA4ECA-E549-4097-8F9F-83AD84D6B33B}.Debug|x64.ActiveCfg = Debug|Any CPU
		{A5AA4ECA-E549-4097-8F9F-83AD84D6B33B}.Debug|x64.Build.0 = Debug|Any CPU
		{A5AA4ECA-E549-4097-8F9F-83AD84D6B33B}.Debug|x86.ActiveCfg = Debug|Any CPU
		{A5AA4ECA-E549-4097-8F9F-83AD84D6B33B}.Debug|x86.Build.0 = Debug|Any CPU
		{A5AA4ECA-E549-4097-8F9F-83AD84D6B33B}.Release|Any CPU.ActiveCfg = Release|Any CPU
		{A5AA4ECA-E549-4097-8F9F-83AD84D6B33B}.Release|Any CPU.Build.0 = Release|Any CPU
		{A5AA4ECA-E549-4097-8F9F-83AD84D6B33B}.Release|x64.ActiveCfg = Release|Any CPU
		{A5AA4ECA-E549-4097-8F9F-83AD84D6B33B}.Release|x64.Build.0 = Release|Any CPU
		{A5AA4ECA-E549-4097-8F9F-83AD84D6B33B}.Release|x86.ActiveCfg = Release|Any CPU
		{A5AA4ECA-E549-4097-8F9F-83AD84D6B33B}.Release|x86.Build.0 = Release|Any CPU
		{7BD5E13B-C2F2-41F1-B0D9-F2B20BB9F30E}.Debug|Any CPU.ActiveCfg = Debug|Any CPU
		{7BD5E13B-C2F2-41F1-B0D9-F2B20BB9F30E}.Debug|Any CPU.Build.0 = Debug|Any CPU
		{7BD5E13B-C2F2-41F1-B0D9-F2B20BB9F30E}.Debug|x64.ActiveCfg = Debug|Any CPU
		{7BD5E13B-C2F2-41F1-B0D9-F2B20BB9F30E}.Debug|x64.Build.0 = Debug|Any CPU
		{7BD5E13B-C2F2-41F1-B0D9-F2B20BB9F30E}.Debug|x86.ActiveCfg = Debug|Any CPU
		{7BD5E13B-C2F2-41F1-B0D9-F2B20BB9F30E}.Debug|x86.Build.0 = Debug|Any CPU
		{7BD5E13B-C2F2-41F1-B0D9-F2B20BB9F30E}.Release|Any CPU.ActiveCfg = Release|Any CPU
		{7BD5E13B-C2F2-41F1-B0D9-F2B20BB9F30E}.Release|Any CPU.Build.0 = Release|Any CPU
		{7BD5E13B-C2F2-41F1-B0D9-F2B20BB9F30E}.Release|x64.ActiveCfg = Release|Any CPU
		{7BD5E13B-C2F2-41F1-B0D9-F2B20BB9F30E}.Release|x64.Build.0 = Release|Any CPU
		{7BD5E13B-C2F2-41F1-B0D9-F2B20BB9F30E}.Release|x86.ActiveCfg = Release|Any CPU
		{7BD5E13B-C2F2-41F1-B0D9-F2B20BB9F30E}.Release|x86.Build.0 = Release|Any CPU
		{0DDDCB24-F6F4-414D-B0F2-F6C38DA1DDD7}.Debug|Any CPU.ActiveCfg = Debug|Any CPU
		{0DDDCB24-F6F4-414D-B0F2-F6C38DA1DDD7}.Debug|Any CPU.Build.0 = Debug|Any CPU
		{0DDDCB24-F6F4-414D-B0F2-F6C38DA1DDD7}.Debug|x64.ActiveCfg = Debug|Any CPU
		{0DDDCB24-F6F4-414D-B0F2-F6C38DA1DDD7}.Debug|x64.Build.0 = Debug|Any CPU
		{0DDDCB24-F6F4-414D-B0F2-F6C38DA1DDD7}.Debug|x86.ActiveCfg = Debug|Any CPU
		{0DDDCB24-F6F4-414D-B0F2-F6C38DA1DDD7}.Debug|x86.Build.0 = Debug|Any CPU
		{0DDDCB24-F6F4-414D-B0F2-F6C38DA1DDD7}.Release|Any CPU.ActiveCfg = Release|Any CPU
		{0DDDCB24-F6F4-414D-B0F2-F6C38DA1DDD7}.Release|Any CPU.Build.0 = Release|Any CPU
		{0DDDCB24-F6F4-414D-B0F2-F6C38DA1DDD7}.Release|x64.ActiveCfg = Release|Any CPU
		{0DDDCB24-F6F4-414D-B0F2-F6C38DA1DDD7}.Release|x64.Build.0 = Release|Any CPU
		{0DDDCB24-F6F4-414D-B0F2-F6C38DA1DDD7}.Release|x86.ActiveCfg = Release|Any CPU
		{0DDDCB24-F6F4-414D-B0F2-F6C38DA1DDD7}.Release|x86.Build.0 = Release|Any CPU
		{403A37E9-B500-4A70-8461-6EF9A9764C47}.Debug|Any CPU.ActiveCfg = Debug|Any CPU
		{403A37E9-B500-4A70-8461-6EF9A9764C47}.Debug|Any CPU.Build.0 = Debug|Any CPU
		{403A37E9-B500-4A70-8461-6EF9A9764C47}.Debug|x64.ActiveCfg = Debug|Any CPU
		{403A37E9-B500-4A70-8461-6EF9A9764C47}.Debug|x64.Build.0 = Debug|Any CPU
		{403A37E9-B500-4A70-8461-6EF9A9764C47}.Debug|x86.ActiveCfg = Debug|Any CPU
		{403A37E9-B500-4A70-8461-6EF9A9764C47}.Debug|x86.Build.0 = Debug|Any CPU
		{403A37E9-B500-4A70-8461-6EF9A9764C47}.Release|Any CPU.ActiveCfg = Release|Any CPU
		{403A37E9-B500-4A70-8461-6EF9A9764C47}.Release|Any CPU.Build.0 = Release|Any CPU
		{403A37E9-B500-4A70-8461-6EF9A9764C47}.Release|x64.ActiveCfg = Release|Any CPU
		{403A37E9-B500-4A70-8461-6EF9A9764C47}.Release|x64.Build.0 = Release|Any CPU
		{403A37E9-B500-4A70-8461-6EF9A9764C47}.Release|x86.ActiveCfg = Release|Any CPU
		{403A37E9-B500-4A70-8461-6EF9A9764C47}.Release|x86.Build.0 = Release|Any CPU
		{64E92475-A23F-4609-ABCE-C7BCA095D4B3}.Debug|Any CPU.ActiveCfg = Debug|Any CPU
		{64E92475-A23F-4609-ABCE-C7BCA095D4B3}.Debug|Any CPU.Build.0 = Debug|Any CPU
		{64E92475-A23F-4609-ABCE-C7BCA095D4B3}.Debug|x64.ActiveCfg = Debug|Any CPU
		{64E92475-A23F-4609-ABCE-C7BCA095D4B3}.Debug|x64.Build.0 = Debug|Any CPU
		{64E92475-A23F-4609-ABCE-C7BCA095D4B3}.Debug|x86.ActiveCfg = Debug|Any CPU
		{64E92475-A23F-4609-ABCE-C7BCA095D4B3}.Debug|x86.Build.0 = Debug|Any CPU
		{64E92475-A23F-4609-ABCE-C7BCA095D4B3}.Release|Any CPU.ActiveCfg = Release|Any CPU
		{64E92475-A23F-4609-ABCE-C7BCA095D4B3}.Release|Any CPU.Build.0 = Release|Any CPU
		{64E92475-A23F-4609-ABCE-C7BCA095D4B3}.Release|x64.ActiveCfg = Release|Any CPU
		{64E92475-A23F-4609-ABCE-C7BCA095D4B3}.Release|x64.Build.0 = Release|Any CPU
		{64E92475-A23F-4609-ABCE-C7BCA095D4B3}.Release|x86.ActiveCfg = Release|Any CPU
		{64E92475-A23F-4609-ABCE-C7BCA095D4B3}.Release|x86.Build.0 = Release|Any CPU
		{4DD57893-011D-47DF-B31E-9F22B8D4DAB4}.Debug|Any CPU.ActiveCfg = Debug|Any CPU
		{4DD57893-011D-47DF-B31E-9F22B8D4DAB4}.Debug|Any CPU.Build.0 = Debug|Any CPU
		{4DD57893-011D-47DF-B31E-9F22B8D4DAB4}.Debug|x64.ActiveCfg = Debug|Any CPU
		{4DD57893-011D-47DF-B31E-9F22B8D4DAB4}.Debug|x64.Build.0 = Debug|Any CPU
		{4DD57893-011D-47DF-B31E-9F22B8D4DAB4}.Debug|x86.ActiveCfg = Debug|Any CPU
		{4DD57893-011D-47DF-B31E-9F22B8D4DAB4}.Debug|x86.Build.0 = Debug|Any CPU
		{4DD57893-011D-47DF-B31E-9F22B8D4DAB4}.Release|Any CPU.ActiveCfg = Release|Any CPU
		{4DD57893-011D-47DF-B31E-9F22B8D4DAB4}.Release|Any CPU.Build.0 = Release|Any CPU
		{4DD57893-011D-47DF-B31E-9F22B8D4DAB4}.Release|x64.ActiveCfg = Release|Any CPU
		{4DD57893-011D-47DF-B31E-9F22B8D4DAB4}.Release|x64.Build.0 = Release|Any CPU
		{4DD57893-011D-47DF-B31E-9F22B8D4DAB4}.Release|x86.ActiveCfg = Release|Any CPU
		{4DD57893-011D-47DF-B31E-9F22B8D4DAB4}.Release|x86.Build.0 = Release|Any CPU
		{B389A23B-083F-4E57-868D-0F03C4076E62}.Debug|Any CPU.ActiveCfg = Debug|Any CPU
		{B389A23B-083F-4E57-868D-0F03C4076E62}.Debug|Any CPU.Build.0 = Debug|Any CPU
		{B389A23B-083F-4E57-868D-0F03C4076E62}.Debug|x64.ActiveCfg = Debug|Any CPU
		{B389A23B-083F-4E57-868D-0F03C4076E62}.Debug|x64.Build.0 = Debug|Any CPU
		{B389A23B-083F-4E57-868D-0F03C4076E62}.Debug|x86.ActiveCfg = Debug|Any CPU
		{B389A23B-083F-4E57-868D-0F03C4076E62}.Debug|x86.Build.0 = Debug|Any CPU
		{B389A23B-083F-4E57-868D-0F03C4076E62}.Release|Any CPU.ActiveCfg = Release|Any CPU
		{B389A23B-083F-4E57-868D-0F03C4076E62}.Release|Any CPU.Build.0 = Release|Any CPU
		{B389A23B-083F-4E57-868D-0F03C4076E62}.Release|x64.ActiveCfg = Release|Any CPU
		{B389A23B-083F-4E57-868D-0F03C4076E62}.Release|x64.Build.0 = Release|Any CPU
		{B389A23B-083F-4E57-868D-0F03C4076E62}.Release|x86.ActiveCfg = Release|Any CPU
		{B389A23B-083F-4E57-868D-0F03C4076E62}.Release|x86.Build.0 = Release|Any CPU
		{71B4E4D0-36ED-4619-819B-2FEC6E3238DC}.Debug|Any CPU.ActiveCfg = Debug|Any CPU
		{71B4E4D0-36ED-4619-819B-2FEC6E3238DC}.Debug|Any CPU.Build.0 = Debug|Any CPU
		{71B4E4D0-36ED-4619-819B-2FEC6E3238DC}.Debug|x64.ActiveCfg = Debug|Any CPU
		{71B4E4D0-36ED-4619-819B-2FEC6E3238DC}.Debug|x64.Build.0 = Debug|Any CPU
		{71B4E4D0-36ED-4619-819B-2FEC6E3238DC}.Debug|x86.ActiveCfg = Debug|Any CPU
		{71B4E4D0-36ED-4619-819B-2FEC6E3238DC}.Debug|x86.Build.0 = Debug|Any CPU
		{71B4E4D0-36ED-4619-819B-2FEC6E3238DC}.Release|Any CPU.ActiveCfg = Release|Any CPU
		{71B4E4D0-36ED-4619-819B-2FEC6E3238DC}.Release|Any CPU.Build.0 = Release|Any CPU
		{71B4E4D0-36ED-4619-819B-2FEC6E3238DC}.Release|x64.ActiveCfg = Release|Any CPU
		{71B4E4D0-36ED-4619-819B-2FEC6E3238DC}.Release|x64.Build.0 = Release|Any CPU
		{71B4E4D0-36ED-4619-819B-2FEC6E3238DC}.Release|x86.ActiveCfg = Release|Any CPU
		{71B4E4D0-36ED-4619-819B-2FEC6E3238DC}.Release|x86.Build.0 = Release|Any CPU
		{8CE12D04-D0FF-4991-86D2-40F58AD65304}.Debug|Any CPU.ActiveCfg = Debug|Any CPU
		{8CE12D04-D0FF-4991-86D2-40F58AD65304}.Debug|Any CPU.Build.0 = Debug|Any CPU
		{8CE12D04-D0FF-4991-86D2-40F58AD65304}.Debug|x64.ActiveCfg = Debug|Any CPU
		{8CE12D04-D0FF-4991-86D2-40F58AD65304}.Debug|x64.Build.0 = Debug|Any CPU
		{8CE12D04-D0FF-4991-86D2-40F58AD65304}.Debug|x86.ActiveCfg = Debug|Any CPU
		{8CE12D04-D0FF-4991-86D2-40F58AD65304}.Debug|x86.Build.0 = Debug|Any CPU
		{8CE12D04-D0FF-4991-86D2-40F58AD65304}.Release|Any CPU.ActiveCfg = Release|Any CPU
		{8CE12D04-D0FF-4991-86D2-40F58AD65304}.Release|Any CPU.Build.0 = Release|Any CPU
		{8CE12D04-D0FF-4991-86D2-40F58AD65304}.Release|x64.ActiveCfg = Release|Any CPU
		{8CE12D04-D0FF-4991-86D2-40F58AD65304}.Release|x64.Build.0 = Release|Any CPU
		{8CE12D04-D0FF-4991-86D2-40F58AD65304}.Release|x86.ActiveCfg = Release|Any CPU
		{8CE12D04-D0FF-4991-86D2-40F58AD65304}.Release|x86.Build.0 = Release|Any CPU
		{0415245A-6DA8-4DD8-91EE-392E7224CF82}.Debug|Any CPU.ActiveCfg = Debug|Any CPU
		{0415245A-6DA8-4DD8-91EE-392E7224CF82}.Debug|Any CPU.Build.0 = Debug|Any CPU
		{0415245A-6DA8-4DD8-91EE-392E7224CF82}.Debug|x64.ActiveCfg = Debug|Any CPU
		{0415245A-6DA8-4DD8-91EE-392E7224CF82}.Debug|x64.Build.0 = Debug|Any CPU
		{0415245A-6DA8-4DD8-91EE-392E7224CF82}.Debug|x86.ActiveCfg = Debug|Any CPU
		{0415245A-6DA8-4DD8-91EE-392E7224CF82}.Debug|x86.Build.0 = Debug|Any CPU
		{0415245A-6DA8-4DD8-91EE-392E7224CF82}.Release|Any CPU.ActiveCfg = Release|Any CPU
		{0415245A-6DA8-4DD8-91EE-392E7224CF82}.Release|Any CPU.Build.0 = Release|Any CPU
		{0415245A-6DA8-4DD8-91EE-392E7224CF82}.Release|x64.ActiveCfg = Release|Any CPU
		{0415245A-6DA8-4DD8-91EE-392E7224CF82}.Release|x64.Build.0 = Release|Any CPU
		{0415245A-6DA8-4DD8-91EE-392E7224CF82}.Release|x86.ActiveCfg = Release|Any CPU
		{0415245A-6DA8-4DD8-91EE-392E7224CF82}.Release|x86.Build.0 = Release|Any CPU
		{3F819F96-ACC8-4A5F-A6D9-3C2E5C87808D}.Debug|Any CPU.ActiveCfg = Debug|Any CPU
		{3F819F96-ACC8-4A5F-A6D9-3C2E5C87808D}.Debug|Any CPU.Build.0 = Debug|Any CPU
		{3F819F96-ACC8-4A5F-A6D9-3C2E5C87808D}.Debug|x64.ActiveCfg = Debug|Any CPU
		{3F819F96-ACC8-4A5F-A6D9-3C2E5C87808D}.Debug|x64.Build.0 = Debug|Any CPU
		{3F819F96-ACC8-4A5F-A6D9-3C2E5C87808D}.Debug|x86.ActiveCfg = Debug|Any CPU
		{3F819F96-ACC8-4A5F-A6D9-3C2E5C87808D}.Debug|x86.Build.0 = Debug|Any CPU
		{3F819F96-ACC8-4A5F-A6D9-3C2E5C87808D}.Release|Any CPU.ActiveCfg = Release|Any CPU
		{3F819F96-ACC8-4A5F-A6D9-3C2E5C87808D}.Release|Any CPU.Build.0 = Release|Any CPU
		{3F819F96-ACC8-4A5F-A6D9-3C2E5C87808D}.Release|x64.ActiveCfg = Release|Any CPU
		{3F819F96-ACC8-4A5F-A6D9-3C2E5C87808D}.Release|x64.Build.0 = Release|Any CPU
		{3F819F96-ACC8-4A5F-A6D9-3C2E5C87808D}.Release|x86.ActiveCfg = Release|Any CPU
		{3F819F96-ACC8-4A5F-A6D9-3C2E5C87808D}.Release|x86.Build.0 = Release|Any CPU
		{66315C07-D672-4A05-B8FC-881E14C41075}.Debug|Any CPU.ActiveCfg = Debug|Any CPU
		{66315C07-D672-4A05-B8FC-881E14C41075}.Debug|Any CPU.Build.0 = Debug|Any CPU
		{66315C07-D672-4A05-B8FC-881E14C41075}.Debug|x64.ActiveCfg = Debug|Any CPU
		{66315C07-D672-4A05-B8FC-881E14C41075}.Debug|x64.Build.0 = Debug|Any CPU
		{66315C07-D672-4A05-B8FC-881E14C41075}.Debug|x86.ActiveCfg = Debug|Any CPU
		{66315C07-D672-4A05-B8FC-881E14C41075}.Debug|x86.Build.0 = Debug|Any CPU
		{66315C07-D672-4A05-B8FC-881E14C41075}.Release|Any CPU.ActiveCfg = Release|Any CPU
		{66315C07-D672-4A05-B8FC-881E14C41075}.Release|Any CPU.Build.0 = Release|Any CPU
		{66315C07-D672-4A05-B8FC-881E14C41075}.Release|x64.ActiveCfg = Release|Any CPU
		{66315C07-D672-4A05-B8FC-881E14C41075}.Release|x64.Build.0 = Release|Any CPU
		{66315C07-D672-4A05-B8FC-881E14C41075}.Release|x86.ActiveCfg = Release|Any CPU
		{66315C07-D672-4A05-B8FC-881E14C41075}.Release|x86.Build.0 = Release|Any CPU
		{DD380BE2-5025-4FFF-84F3-20EFBB5A702F}.Debug|Any CPU.ActiveCfg = Debug|Any CPU
		{DD380BE2-5025-4FFF-84F3-20EFBB5A702F}.Debug|Any CPU.Build.0 = Debug|Any CPU
		{DD380BE2-5025-4FFF-84F3-20EFBB5A702F}.Debug|x64.ActiveCfg = Debug|Any CPU
		{DD380BE2-5025-4FFF-84F3-20EFBB5A702F}.Debug|x64.Build.0 = Debug|Any CPU
		{DD380BE2-5025-4FFF-84F3-20EFBB5A702F}.Debug|x86.ActiveCfg = Debug|Any CPU
		{DD380BE2-5025-4FFF-84F3-20EFBB5A702F}.Debug|x86.Build.0 = Debug|Any CPU
		{DD380BE2-5025-4FFF-84F3-20EFBB5A702F}.Release|Any CPU.ActiveCfg = Release|Any CPU
		{DD380BE2-5025-4FFF-84F3-20EFBB5A702F}.Release|Any CPU.Build.0 = Release|Any CPU
		{DD380BE2-5025-4FFF-84F3-20EFBB5A702F}.Release|x64.ActiveCfg = Release|Any CPU
		{DD380BE2-5025-4FFF-84F3-20EFBB5A702F}.Release|x64.Build.0 = Release|Any CPU
		{DD380BE2-5025-4FFF-84F3-20EFBB5A702F}.Release|x86.ActiveCfg = Release|Any CPU
		{DD380BE2-5025-4FFF-84F3-20EFBB5A702F}.Release|x86.Build.0 = Release|Any CPU
	EndGlobalSection
	GlobalSection(SolutionProperties) = preSolution
		HideSolutionNode = FALSE
	EndGlobalSection
	GlobalSection(NestedProjects) = preSolution
		{BDEAE90D-78DB-4B26-8787-A252019D953F} = {705F597A-7FBF-461A-960C-9BE362857725}
		{DE79657C-1168-4BDC-8FCD-847D954D927B} = {705F597A-7FBF-461A-960C-9BE362857725}
		{FAC644D5-AF9F-4BB3-9BD4-5D88D4FF1679} = {705F597A-7FBF-461A-960C-9BE362857725}
		{F6652B9A-83B4-46AD-B60F-728ED52067AD} = {E0FE58D1-3036-485C-9289-38E68D937B94}
		{FA5B8530-4CDA-450A-AA1A-AAD6FB504AEB} = {E0FE58D1-3036-485C-9289-38E68D937B94}
		{7758AAAB-B3CC-488C-B1F7-C6DB12D55F85} = {07DD2636-851D-4EA0-B074-E4F11A9B086C}
		{50718BA1-B4A7-4893-9B51-6FAAB1D04368} = {88C45788-E37C-4182-AEE1-FDB9030E627E}
		{A5AA4ECA-E549-4097-8F9F-83AD84D6B33B} = {07DD2636-851D-4EA0-B074-E4F11A9B086C}
		{7BD5E13B-C2F2-41F1-B0D9-F2B20BB9F30E} = {E0FE58D1-3036-485C-9289-38E68D937B94}
		{0DDDCB24-F6F4-414D-B0F2-F6C38DA1DDD7} = {7E2E7FB5-0C7A-4B48-815B-4E0FFB4D2388}
		{403A37E9-B500-4A70-8461-6EF9A9764C47} = {88C45788-E37C-4182-AEE1-FDB9030E627E}
		{64E92475-A23F-4609-ABCE-C7BCA095D4B3} = {07DD2636-851D-4EA0-B074-E4F11A9B086C}
		{4DD57893-011D-47DF-B31E-9F22B8D4DAB4} = {7E2E7FB5-0C7A-4B48-815B-4E0FFB4D2388}
		{B389A23B-083F-4E57-868D-0F03C4076E62} = {07DD2636-851D-4EA0-B074-E4F11A9B086C}
		{71B4E4D0-36ED-4619-819B-2FEC6E3238DC} = {E0FE58D1-3036-485C-9289-38E68D937B94}
		{8CE12D04-D0FF-4991-86D2-40F58AD65304} = {E0FE58D1-3036-485C-9289-38E68D937B94}
		{0415245A-6DA8-4DD8-91EE-392E7224CF82} = {7E2E7FB5-0C7A-4B48-815B-4E0FFB4D2388}
		{3F819F96-ACC8-4A5F-A6D9-3C2E5C87808D} = {7E2E7FB5-0C7A-4B48-815B-4E0FFB4D2388}
		{66315C07-D672-4A05-B8FC-881E14C41075} = {7E2E7FB5-0C7A-4B48-815B-4E0FFB4D2388}
		{DD380BE2-5025-4FFF-84F3-20EFBB5A702F} = {07DD2636-851D-4EA0-B074-E4F11A9B086C}
	EndGlobalSection
	GlobalSection(ExtensibilityGlobals) = postSolution
		SolutionGuid = {53C48CAC-8050-44A2-B930-9273F442173C}
	EndGlobalSection
EndGlobal
