
Microsoft Visual Studio Solution File, Format Version 12.00
# Visual Studio Version 16
VisualStudioVersion = 16.0.30128.74
MinimumVisualStudioVersion = 10.0.40219.1
Project("{9A19103F-16F7-4668-BE54-9A1E7A4F7556}") = "SCMM.Web.Server", "SCMM.Web\Server\SCMM.Web.Server.csproj", "{BDEAE90D-78DB-4B26-8787-A252019D953F}"
EndProject
Project("{9A19103F-16F7-4668-BE54-9A1E7A4F7556}") = "SCMM.Web.Client", "SCMM.Web\Client\SCMM.Web.Client.csproj", "{DE79657C-1168-4BDC-8FCD-847D954D927B}"
EndProject
Project("{9A19103F-16F7-4668-BE54-9A1E7A4F7556}") = "SCMM.Web.Shared", "SCMM.Web\Shared\SCMM.Web.Shared.csproj", "{FAC644D5-AF9F-4BB3-9BD4-5D88D4FF1679}"
EndProject
Project("{9A19103F-16F7-4668-BE54-9A1E7A4F7556}") = "SCMM.Steam.Shared", "SCMM.Steam\Shared\SCMM.Steam.Shared.csproj", "{F6652B9A-83B4-46AD-B60F-728ED52067AD}"
EndProject
Project("{9A19103F-16F7-4668-BE54-9A1E7A4F7556}") = "SCMM.Steam.Client", "SCMM.Steam\Client\SCMM.Steam.Client.csproj", "{FA5B8530-4CDA-450A-AA1A-AAD6FB504AEB}"
EndProject
Project("{9A19103F-16F7-4668-BE54-9A1E7A4F7556}") = "SCMM.Discord.Client", "SCMM.Discord\Client\SCMM.Discord.Client.csproj", "{7758AAAB-B3CC-488C-B1F7-C6DB12D55F85}"
EndProject
Project("{9A19103F-16F7-4668-BE54-9A1E7A4F7556}") = "SCMM.Google.Client", "SCMM.Google\Client\SCMM.Google.Client.csproj", "{50718BA1-B4A7-4893-9B51-6FAAB1D04368}"
EndProject
Project("{2150E333-8FDC-42A3-9474-1A3956D46DE8}") = "Skclusive", "Skclusive", "{9215C79D-E513-43D1-AF8D-B7BC839A9124}"
EndProject
Project("{FAE04EC0-301F-11D3-BF4B-00C04F79EFBC}") = "AppBar", "Skclusive.Material.Component\AppBar\src\AppBar.csproj", "{95D5904F-C4F1-40A2-A563-31D80424EB90}"
EndProject
Project("{FAE04EC0-301F-11D3-BF4B-00C04F79EFBC}") = "Avatar", "Skclusive.Material.Component\Avatar\src\Avatar.csproj", "{C127651A-9D2C-45A8-8BFF-1AD0EC6EC6B4}"
EndProject
Project("{FAE04EC0-301F-11D3-BF4B-00C04F79EFBC}") = "Badge", "Skclusive.Material.Component\Badge\src\Badge.csproj", "{7085607A-F314-4E78-9A0B-550B7CA489B4}"
EndProject
Project("{FAE04EC0-301F-11D3-BF4B-00C04F79EFBC}") = "Baseline", "Skclusive.Material.Component\Baseline\src\Baseline.csproj", "{810DDC7D-3C47-4ABD-8841-0637B9E17113}"
EndProject
Project("{FAE04EC0-301F-11D3-BF4B-00C04F79EFBC}") = "Button", "Skclusive.Material.Component\Button\src\Button.csproj", "{699B7D6A-974A-4B95-BED5-881299273AD7}"
EndProject
Project("{FAE04EC0-301F-11D3-BF4B-00C04F79EFBC}") = "Card", "Skclusive.Material.Component\Card\src\Card.csproj", "{87C033AF-505A-452A-AB09-BDD1C2A4ABD9}"
EndProject
Project("{FAE04EC0-301F-11D3-BF4B-00C04F79EFBC}") = "Core", "Skclusive.Material.Component\Core\src\Core.csproj", "{75DFABBA-64FF-487F-8202-515F5689688B}"
EndProject
Project("{FAE04EC0-301F-11D3-BF4B-00C04F79EFBC}") = "Dialog", "Skclusive.Material.Component\Dialog\src\Dialog.csproj", "{D5FFADC1-E6D8-4621-B951-90C532D038C6}"
EndProject
Project("{FAE04EC0-301F-11D3-BF4B-00C04F79EFBC}") = "Divider", "Skclusive.Material.Component\Divider\src\Divider.csproj", "{870F785D-77CD-457B-9E66-35A4B2B7B8AB}"
EndProject
Project("{FAE04EC0-301F-11D3-BF4B-00C04F79EFBC}") = "Drawer", "Skclusive.Material.Component\Drawer\src\Drawer.csproj", "{76A6E39B-4F30-425F-898D-D57BF267744D}"
EndProject
Project("{FAE04EC0-301F-11D3-BF4B-00C04F79EFBC}") = "Form", "Skclusive.Material.Component\Form\src\Form.csproj", "{8EBD75C5-1585-46DC-A404-63B753519615}"
EndProject
Project("{FAE04EC0-301F-11D3-BF4B-00C04F79EFBC}") = "Grid", "Skclusive.Material.Component\Grid\src\Grid.csproj", "{C3DBD328-644B-48FF-A7B5-366D14C06A16}"
EndProject
Project("{FAE04EC0-301F-11D3-BF4B-00C04F79EFBC}") = "Icon", "Skclusive.Material.Component\Icon\src\Icon.csproj", "{73A476D1-59DF-422D-A652-C177A8D6F9CB}"
EndProject
Project("{FAE04EC0-301F-11D3-BF4B-00C04F79EFBC}") = "Input", "Skclusive.Material.Component\Input\src\Input.csproj", "{0A3D3090-C058-415F-8E81-CC151C903096}"
EndProject
Project("{FAE04EC0-301F-11D3-BF4B-00C04F79EFBC}") = "List", "Skclusive.Material.Component\List\src\List.csproj", "{29E2F070-7168-4589-9BB3-2C6D771F1DCE}"
EndProject
Project("{FAE04EC0-301F-11D3-BF4B-00C04F79EFBC}") = "Modal", "Skclusive.Material.Component\Modal\src\Modal.csproj", "{6C776353-5380-4313-BCA2-6EFD06897AE5}"
EndProject
Project("{FAE04EC0-301F-11D3-BF4B-00C04F79EFBC}") = "Paper", "Skclusive.Material.Component\Paper\src\Paper.csproj", "{AC9A7B0D-21B4-450D-BB81-444917080C42}"
EndProject
Project("{FAE04EC0-301F-11D3-BF4B-00C04F79EFBC}") = "Progress", "Skclusive.Material.Component\Progress\src\Progress.csproj", "{A5133B12-3021-4C73-A807-DD11AEC13726}"
EndProject
Project("{FAE04EC0-301F-11D3-BF4B-00C04F79EFBC}") = "Script", "Skclusive.Material.Component\Script\src\Script.csproj", "{B7006487-B9BC-46CF-8BA6-F46D37408519}"
EndProject
Project("{FAE04EC0-301F-11D3-BF4B-00C04F79EFBC}") = "Selection", "Skclusive.Material.Component\Selection\src\Selection.csproj", "{6DF48E34-0F0E-4AC9-83DD-5D9F17AEA14D}"
EndProject
Project("{FAE04EC0-301F-11D3-BF4B-00C04F79EFBC}") = "Table", "Skclusive.Material.Component\Table\src\Table.csproj", "{7A684008-0FAD-413A-B62B-3904B96280D3}"
EndProject
Project("{FAE04EC0-301F-11D3-BF4B-00C04F79EFBC}") = "Text", "Skclusive.Material.Component\Text\src\Text.csproj", "{510B3C4E-B388-4F4C-9FA8-DC5EA33B10A3}"
EndProject
Project("{FAE04EC0-301F-11D3-BF4B-00C04F79EFBC}") = "Toolbar", "Skclusive.Material.Component\Toolbar\src\Toolbar.csproj", "{4BB31449-F592-4711-BE3C-9A83B9659DE1}"
EndProject
Project("{FAE04EC0-301F-11D3-BF4B-00C04F79EFBC}") = "Transition", "Skclusive.Material.Component\Transition\src\Transition.csproj", "{684796FA-5163-4A0F-BF72-7691C12201FE}"
EndProject
Project("{FAE04EC0-301F-11D3-BF4B-00C04F79EFBC}") = "Hidden", "Skclusive.Material.Component\Hidden\src\Hidden.csproj", "{5288B89C-7599-4143-AF2D-2BF6B58D2BB6}"
EndProject
Project("{FAE04EC0-301F-11D3-BF4B-00C04F79EFBC}") = "Theme", "Skclusive.Material.Component\Theme\src\Theme.csproj", "{E699F958-DAC0-4DC2-9477-907F56EC7B2A}"
EndProject
Project("{FAE04EC0-301F-11D3-BF4B-00C04F79EFBC}") = "Menu", "Skclusive.Material.Component\Menu\src\Menu.csproj", "{E866CAB2-DF6E-4455-B020-3AB6414A2CF1}"
EndProject
Project("{FAE04EC0-301F-11D3-BF4B-00C04F79EFBC}") = "Tab", "Skclusive.Material.Component\Tab\src\Tab.csproj", "{E49AF9D6-AB71-420D-A61E-5A2F69940B83}"
EndProject
Project("{FAE04EC0-301F-11D3-BF4B-00C04F79EFBC}") = "PopOver", "Skclusive.Material.Component\PopOver\src\PopOver.csproj", "{52AECED8-AF01-4CA3-A3C7-7C94BD0820A8}"
EndProject
Project("{FAE04EC0-301F-11D3-BF4B-00C04F79EFBC}") = "Material", "Skclusive.Material.Component\Material\src\Material.csproj", "{B8556016-D55D-4C84-B331-5369129D6A5F}"
EndProject
Project("{FAE04EC0-301F-11D3-BF4B-00C04F79EFBC}") = "Typography", "Skclusive.Material.Component\Typography\src\Typography.csproj", "{2D6C4BA5-BA0D-4C6D-BC29-FF5C80D85198}"
EndProject
Project("{FAE04EC0-301F-11D3-BF4B-00C04F79EFBC}") = "Container", "Skclusive.Material.Component\Container\src\Container.csproj", "{D3836F1B-3554-4F71-B450-FC23F467CD0A}"
EndProject
Global
	GlobalSection(SolutionConfigurationPlatforms) = preSolution
		Debug|Any CPU = Debug|Any CPU
		Debug|x64 = Debug|x64
		Debug|x86 = Debug|x86
		Release|Any CPU = Release|Any CPU
		Release|x64 = Release|x64
		Release|x86 = Release|x86
	EndGlobalSection
	GlobalSection(ProjectConfigurationPlatforms) = postSolution
		{BDEAE90D-78DB-4B26-8787-A252019D953F}.Debug|Any CPU.ActiveCfg = Debug|Any CPU
		{BDEAE90D-78DB-4B26-8787-A252019D953F}.Debug|Any CPU.Build.0 = Debug|Any CPU
		{BDEAE90D-78DB-4B26-8787-A252019D953F}.Debug|x64.ActiveCfg = Debug|Any CPU
		{BDEAE90D-78DB-4B26-8787-A252019D953F}.Debug|x64.Build.0 = Debug|Any CPU
		{BDEAE90D-78DB-4B26-8787-A252019D953F}.Debug|x86.ActiveCfg = Debug|Any CPU
		{BDEAE90D-78DB-4B26-8787-A252019D953F}.Debug|x86.Build.0 = Debug|Any CPU
		{BDEAE90D-78DB-4B26-8787-A252019D953F}.Release|Any CPU.ActiveCfg = Release|Any CPU
		{BDEAE90D-78DB-4B26-8787-A252019D953F}.Release|Any CPU.Build.0 = Release|Any CPU
		{BDEAE90D-78DB-4B26-8787-A252019D953F}.Release|x64.ActiveCfg = Release|Any CPU
		{BDEAE90D-78DB-4B26-8787-A252019D953F}.Release|x64.Build.0 = Release|Any CPU
		{BDEAE90D-78DB-4B26-8787-A252019D953F}.Release|x86.ActiveCfg = Release|Any CPU
		{BDEAE90D-78DB-4B26-8787-A252019D953F}.Release|x86.Build.0 = Release|Any CPU
		{DE79657C-1168-4BDC-8FCD-847D954D927B}.Debug|Any CPU.ActiveCfg = Debug|Any CPU
		{DE79657C-1168-4BDC-8FCD-847D954D927B}.Debug|Any CPU.Build.0 = Debug|Any CPU
		{DE79657C-1168-4BDC-8FCD-847D954D927B}.Debug|x64.ActiveCfg = Debug|Any CPU
		{DE79657C-1168-4BDC-8FCD-847D954D927B}.Debug|x64.Build.0 = Debug|Any CPU
		{DE79657C-1168-4BDC-8FCD-847D954D927B}.Debug|x86.ActiveCfg = Debug|Any CPU
		{DE79657C-1168-4BDC-8FCD-847D954D927B}.Debug|x86.Build.0 = Debug|Any CPU
		{DE79657C-1168-4BDC-8FCD-847D954D927B}.Release|Any CPU.ActiveCfg = Release|Any CPU
		{DE79657C-1168-4BDC-8FCD-847D954D927B}.Release|Any CPU.Build.0 = Release|Any CPU
		{DE79657C-1168-4BDC-8FCD-847D954D927B}.Release|x64.ActiveCfg = Release|Any CPU
		{DE79657C-1168-4BDC-8FCD-847D954D927B}.Release|x64.Build.0 = Release|Any CPU
		{DE79657C-1168-4BDC-8FCD-847D954D927B}.Release|x86.ActiveCfg = Release|Any CPU
		{DE79657C-1168-4BDC-8FCD-847D954D927B}.Release|x86.Build.0 = Release|Any CPU
		{FAC644D5-AF9F-4BB3-9BD4-5D88D4FF1679}.Debug|Any CPU.ActiveCfg = Debug|Any CPU
		{FAC644D5-AF9F-4BB3-9BD4-5D88D4FF1679}.Debug|Any CPU.Build.0 = Debug|Any CPU
		{FAC644D5-AF9F-4BB3-9BD4-5D88D4FF1679}.Debug|x64.ActiveCfg = Debug|Any CPU
		{FAC644D5-AF9F-4BB3-9BD4-5D88D4FF1679}.Debug|x64.Build.0 = Debug|Any CPU
		{FAC644D5-AF9F-4BB3-9BD4-5D88D4FF1679}.Debug|x86.ActiveCfg = Debug|Any CPU
		{FAC644D5-AF9F-4BB3-9BD4-5D88D4FF1679}.Debug|x86.Build.0 = Debug|Any CPU
		{FAC644D5-AF9F-4BB3-9BD4-5D88D4FF1679}.Release|Any CPU.ActiveCfg = Release|Any CPU
		{FAC644D5-AF9F-4BB3-9BD4-5D88D4FF1679}.Release|Any CPU.Build.0 = Release|Any CPU
		{FAC644D5-AF9F-4BB3-9BD4-5D88D4FF1679}.Release|x64.ActiveCfg = Release|Any CPU
		{FAC644D5-AF9F-4BB3-9BD4-5D88D4FF1679}.Release|x64.Build.0 = Release|Any CPU
		{FAC644D5-AF9F-4BB3-9BD4-5D88D4FF1679}.Release|x86.ActiveCfg = Release|Any CPU
		{FAC644D5-AF9F-4BB3-9BD4-5D88D4FF1679}.Release|x86.Build.0 = Release|Any CPU
		{F6652B9A-83B4-46AD-B60F-728ED52067AD}.Debug|Any CPU.ActiveCfg = Debug|Any CPU
		{F6652B9A-83B4-46AD-B60F-728ED52067AD}.Debug|Any CPU.Build.0 = Debug|Any CPU
		{F6652B9A-83B4-46AD-B60F-728ED52067AD}.Debug|x64.ActiveCfg = Debug|Any CPU
		{F6652B9A-83B4-46AD-B60F-728ED52067AD}.Debug|x64.Build.0 = Debug|Any CPU
		{F6652B9A-83B4-46AD-B60F-728ED52067AD}.Debug|x86.ActiveCfg = Debug|Any CPU
		{F6652B9A-83B4-46AD-B60F-728ED52067AD}.Debug|x86.Build.0 = Debug|Any CPU
		{F6652B9A-83B4-46AD-B60F-728ED52067AD}.Release|Any CPU.ActiveCfg = Release|Any CPU
		{F6652B9A-83B4-46AD-B60F-728ED52067AD}.Release|Any CPU.Build.0 = Release|Any CPU
		{F6652B9A-83B4-46AD-B60F-728ED52067AD}.Release|x64.ActiveCfg = Release|Any CPU
		{F6652B9A-83B4-46AD-B60F-728ED52067AD}.Release|x64.Build.0 = Release|Any CPU
		{F6652B9A-83B4-46AD-B60F-728ED52067AD}.Release|x86.ActiveCfg = Release|Any CPU
		{F6652B9A-83B4-46AD-B60F-728ED52067AD}.Release|x86.Build.0 = Release|Any CPU
		{FA5B8530-4CDA-450A-AA1A-AAD6FB504AEB}.Debug|Any CPU.ActiveCfg = Debug|Any CPU
		{FA5B8530-4CDA-450A-AA1A-AAD6FB504AEB}.Debug|Any CPU.Build.0 = Debug|Any CPU
		{FA5B8530-4CDA-450A-AA1A-AAD6FB504AEB}.Debug|x64.ActiveCfg = Debug|Any CPU
		{FA5B8530-4CDA-450A-AA1A-AAD6FB504AEB}.Debug|x64.Build.0 = Debug|Any CPU
		{FA5B8530-4CDA-450A-AA1A-AAD6FB504AEB}.Debug|x86.ActiveCfg = Debug|Any CPU
		{FA5B8530-4CDA-450A-AA1A-AAD6FB504AEB}.Debug|x86.Build.0 = Debug|Any CPU
		{FA5B8530-4CDA-450A-AA1A-AAD6FB504AEB}.Release|Any CPU.ActiveCfg = Release|Any CPU
		{FA5B8530-4CDA-450A-AA1A-AAD6FB504AEB}.Release|Any CPU.Build.0 = Release|Any CPU
		{FA5B8530-4CDA-450A-AA1A-AAD6FB504AEB}.Release|x64.ActiveCfg = Release|Any CPU
		{FA5B8530-4CDA-450A-AA1A-AAD6FB504AEB}.Release|x64.Build.0 = Release|Any CPU
		{FA5B8530-4CDA-450A-AA1A-AAD6FB504AEB}.Release|x86.ActiveCfg = Release|Any CPU
		{FA5B8530-4CDA-450A-AA1A-AAD6FB504AEB}.Release|x86.Build.0 = Release|Any CPU
		{7758AAAB-B3CC-488C-B1F7-C6DB12D55F85}.Debug|Any CPU.ActiveCfg = Debug|Any CPU
		{7758AAAB-B3CC-488C-B1F7-C6DB12D55F85}.Debug|Any CPU.Build.0 = Debug|Any CPU
		{7758AAAB-B3CC-488C-B1F7-C6DB12D55F85}.Debug|x64.ActiveCfg = Debug|Any CPU
		{7758AAAB-B3CC-488C-B1F7-C6DB12D55F85}.Debug|x64.Build.0 = Debug|Any CPU
		{7758AAAB-B3CC-488C-B1F7-C6DB12D55F85}.Debug|x86.ActiveCfg = Debug|Any CPU
		{7758AAAB-B3CC-488C-B1F7-C6DB12D55F85}.Debug|x86.Build.0 = Debug|Any CPU
		{7758AAAB-B3CC-488C-B1F7-C6DB12D55F85}.Release|Any CPU.ActiveCfg = Release|Any CPU
		{7758AAAB-B3CC-488C-B1F7-C6DB12D55F85}.Release|Any CPU.Build.0 = Release|Any CPU
		{7758AAAB-B3CC-488C-B1F7-C6DB12D55F85}.Release|x64.ActiveCfg = Release|Any CPU
		{7758AAAB-B3CC-488C-B1F7-C6DB12D55F85}.Release|x64.Build.0 = Release|Any CPU
		{7758AAAB-B3CC-488C-B1F7-C6DB12D55F85}.Release|x86.ActiveCfg = Release|Any CPU
		{7758AAAB-B3CC-488C-B1F7-C6DB12D55F85}.Release|x86.Build.0 = Release|Any CPU
		{50718BA1-B4A7-4893-9B51-6FAAB1D04368}.Debug|Any CPU.ActiveCfg = Debug|Any CPU
		{50718BA1-B4A7-4893-9B51-6FAAB1D04368}.Debug|Any CPU.Build.0 = Debug|Any CPU
		{50718BA1-B4A7-4893-9B51-6FAAB1D04368}.Debug|x64.ActiveCfg = Debug|Any CPU
		{50718BA1-B4A7-4893-9B51-6FAAB1D04368}.Debug|x64.Build.0 = Debug|Any CPU
		{50718BA1-B4A7-4893-9B51-6FAAB1D04368}.Debug|x86.ActiveCfg = Debug|Any CPU
		{50718BA1-B4A7-4893-9B51-6FAAB1D04368}.Debug|x86.Build.0 = Debug|Any CPU
		{50718BA1-B4A7-4893-9B51-6FAAB1D04368}.Release|Any CPU.ActiveCfg = Release|Any CPU
		{50718BA1-B4A7-4893-9B51-6FAAB1D04368}.Release|Any CPU.Build.0 = Release|Any CPU
		{50718BA1-B4A7-4893-9B51-6FAAB1D04368}.Release|x64.ActiveCfg = Release|Any CPU
		{50718BA1-B4A7-4893-9B51-6FAAB1D04368}.Release|x64.Build.0 = Release|Any CPU
		{50718BA1-B4A7-4893-9B51-6FAAB1D04368}.Release|x86.ActiveCfg = Release|Any CPU
		{50718BA1-B4A7-4893-9B51-6FAAB1D04368}.Release|x86.Build.0 = Release|Any CPU
		{95D5904F-C4F1-40A2-A563-31D80424EB90}.Debug|Any CPU.ActiveCfg = Debug|Any CPU
		{95D5904F-C4F1-40A2-A563-31D80424EB90}.Debug|Any CPU.Build.0 = Debug|Any CPU
		{95D5904F-C4F1-40A2-A563-31D80424EB90}.Debug|x64.ActiveCfg = Debug|Any CPU
		{95D5904F-C4F1-40A2-A563-31D80424EB90}.Debug|x64.Build.0 = Debug|Any CPU
		{95D5904F-C4F1-40A2-A563-31D80424EB90}.Debug|x86.ActiveCfg = Debug|Any CPU
		{95D5904F-C4F1-40A2-A563-31D80424EB90}.Debug|x86.Build.0 = Debug|Any CPU
		{95D5904F-C4F1-40A2-A563-31D80424EB90}.Release|Any CPU.ActiveCfg = Release|Any CPU
		{95D5904F-C4F1-40A2-A563-31D80424EB90}.Release|Any CPU.Build.0 = Release|Any CPU
		{95D5904F-C4F1-40A2-A563-31D80424EB90}.Release|x64.ActiveCfg = Release|Any CPU
		{95D5904F-C4F1-40A2-A563-31D80424EB90}.Release|x64.Build.0 = Release|Any CPU
		{95D5904F-C4F1-40A2-A563-31D80424EB90}.Release|x86.ActiveCfg = Release|Any CPU
		{95D5904F-C4F1-40A2-A563-31D80424EB90}.Release|x86.Build.0 = Release|Any CPU
		{C127651A-9D2C-45A8-8BFF-1AD0EC6EC6B4}.Debug|Any CPU.ActiveCfg = Debug|Any CPU
		{C127651A-9D2C-45A8-8BFF-1AD0EC6EC6B4}.Debug|Any CPU.Build.0 = Debug|Any CPU
		{C127651A-9D2C-45A8-8BFF-1AD0EC6EC6B4}.Debug|x64.ActiveCfg = Debug|Any CPU
		{C127651A-9D2C-45A8-8BFF-1AD0EC6EC6B4}.Debug|x64.Build.0 = Debug|Any CPU
		{C127651A-9D2C-45A8-8BFF-1AD0EC6EC6B4}.Debug|x86.ActiveCfg = Debug|Any CPU
		{C127651A-9D2C-45A8-8BFF-1AD0EC6EC6B4}.Debug|x86.Build.0 = Debug|Any CPU
		{C127651A-9D2C-45A8-8BFF-1AD0EC6EC6B4}.Release|Any CPU.ActiveCfg = Release|Any CPU
		{C127651A-9D2C-45A8-8BFF-1AD0EC6EC6B4}.Release|Any CPU.Build.0 = Release|Any CPU
		{C127651A-9D2C-45A8-8BFF-1AD0EC6EC6B4}.Release|x64.ActiveCfg = Release|Any CPU
		{C127651A-9D2C-45A8-8BFF-1AD0EC6EC6B4}.Release|x64.Build.0 = Release|Any CPU
		{C127651A-9D2C-45A8-8BFF-1AD0EC6EC6B4}.Release|x86.ActiveCfg = Release|Any CPU
		{C127651A-9D2C-45A8-8BFF-1AD0EC6EC6B4}.Release|x86.Build.0 = Release|Any CPU
		{7085607A-F314-4E78-9A0B-550B7CA489B4}.Debug|Any CPU.ActiveCfg = Debug|Any CPU
		{7085607A-F314-4E78-9A0B-550B7CA489B4}.Debug|Any CPU.Build.0 = Debug|Any CPU
		{7085607A-F314-4E78-9A0B-550B7CA489B4}.Debug|x64.ActiveCfg = Debug|Any CPU
		{7085607A-F314-4E78-9A0B-550B7CA489B4}.Debug|x64.Build.0 = Debug|Any CPU
		{7085607A-F314-4E78-9A0B-550B7CA489B4}.Debug|x86.ActiveCfg = Debug|Any CPU
		{7085607A-F314-4E78-9A0B-550B7CA489B4}.Debug|x86.Build.0 = Debug|Any CPU
		{7085607A-F314-4E78-9A0B-550B7CA489B4}.Release|Any CPU.ActiveCfg = Release|Any CPU
		{7085607A-F314-4E78-9A0B-550B7CA489B4}.Release|Any CPU.Build.0 = Release|Any CPU
		{7085607A-F314-4E78-9A0B-550B7CA489B4}.Release|x64.ActiveCfg = Release|Any CPU
		{7085607A-F314-4E78-9A0B-550B7CA489B4}.Release|x64.Build.0 = Release|Any CPU
		{7085607A-F314-4E78-9A0B-550B7CA489B4}.Release|x86.ActiveCfg = Release|Any CPU
		{7085607A-F314-4E78-9A0B-550B7CA489B4}.Release|x86.Build.0 = Release|Any CPU
		{810DDC7D-3C47-4ABD-8841-0637B9E17113}.Debug|Any CPU.ActiveCfg = Debug|Any CPU
		{810DDC7D-3C47-4ABD-8841-0637B9E17113}.Debug|Any CPU.Build.0 = Debug|Any CPU
		{810DDC7D-3C47-4ABD-8841-0637B9E17113}.Debug|x64.ActiveCfg = Debug|Any CPU
		{810DDC7D-3C47-4ABD-8841-0637B9E17113}.Debug|x64.Build.0 = Debug|Any CPU
		{810DDC7D-3C47-4ABD-8841-0637B9E17113}.Debug|x86.ActiveCfg = Debug|Any CPU
		{810DDC7D-3C47-4ABD-8841-0637B9E17113}.Debug|x86.Build.0 = Debug|Any CPU
		{810DDC7D-3C47-4ABD-8841-0637B9E17113}.Release|Any CPU.ActiveCfg = Release|Any CPU
		{810DDC7D-3C47-4ABD-8841-0637B9E17113}.Release|Any CPU.Build.0 = Release|Any CPU
		{810DDC7D-3C47-4ABD-8841-0637B9E17113}.Release|x64.ActiveCfg = Release|Any CPU
		{810DDC7D-3C47-4ABD-8841-0637B9E17113}.Release|x64.Build.0 = Release|Any CPU
		{810DDC7D-3C47-4ABD-8841-0637B9E17113}.Release|x86.ActiveCfg = Release|Any CPU
		{810DDC7D-3C47-4ABD-8841-0637B9E17113}.Release|x86.Build.0 = Release|Any CPU
		{699B7D6A-974A-4B95-BED5-881299273AD7}.Debug|Any CPU.ActiveCfg = Debug|Any CPU
		{699B7D6A-974A-4B95-BED5-881299273AD7}.Debug|Any CPU.Build.0 = Debug|Any CPU
		{699B7D6A-974A-4B95-BED5-881299273AD7}.Debug|x64.ActiveCfg = Debug|Any CPU
		{699B7D6A-974A-4B95-BED5-881299273AD7}.Debug|x64.Build.0 = Debug|Any CPU
		{699B7D6A-974A-4B95-BED5-881299273AD7}.Debug|x86.ActiveCfg = Debug|Any CPU
		{699B7D6A-974A-4B95-BED5-881299273AD7}.Debug|x86.Build.0 = Debug|Any CPU
		{699B7D6A-974A-4B95-BED5-881299273AD7}.Release|Any CPU.ActiveCfg = Release|Any CPU
		{699B7D6A-974A-4B95-BED5-881299273AD7}.Release|Any CPU.Build.0 = Release|Any CPU
		{699B7D6A-974A-4B95-BED5-881299273AD7}.Release|x64.ActiveCfg = Release|Any CPU
		{699B7D6A-974A-4B95-BED5-881299273AD7}.Release|x64.Build.0 = Release|Any CPU
		{699B7D6A-974A-4B95-BED5-881299273AD7}.Release|x86.ActiveCfg = Release|Any CPU
		{699B7D6A-974A-4B95-BED5-881299273AD7}.Release|x86.Build.0 = Release|Any CPU
		{87C033AF-505A-452A-AB09-BDD1C2A4ABD9}.Debug|Any CPU.ActiveCfg = Debug|Any CPU
		{87C033AF-505A-452A-AB09-BDD1C2A4ABD9}.Debug|Any CPU.Build.0 = Debug|Any CPU
		{87C033AF-505A-452A-AB09-BDD1C2A4ABD9}.Debug|x64.ActiveCfg = Debug|Any CPU
		{87C033AF-505A-452A-AB09-BDD1C2A4ABD9}.Debug|x64.Build.0 = Debug|Any CPU
		{87C033AF-505A-452A-AB09-BDD1C2A4ABD9}.Debug|x86.ActiveCfg = Debug|Any CPU
		{87C033AF-505A-452A-AB09-BDD1C2A4ABD9}.Debug|x86.Build.0 = Debug|Any CPU
		{87C033AF-505A-452A-AB09-BDD1C2A4ABD9}.Release|Any CPU.ActiveCfg = Release|Any CPU
		{87C033AF-505A-452A-AB09-BDD1C2A4ABD9}.Release|Any CPU.Build.0 = Release|Any CPU
		{87C033AF-505A-452A-AB09-BDD1C2A4ABD9}.Release|x64.ActiveCfg = Release|Any CPU
		{87C033AF-505A-452A-AB09-BDD1C2A4ABD9}.Release|x64.Build.0 = Release|Any CPU
		{87C033AF-505A-452A-AB09-BDD1C2A4ABD9}.Release|x86.ActiveCfg = Release|Any CPU
		{87C033AF-505A-452A-AB09-BDD1C2A4ABD9}.Release|x86.Build.0 = Release|Any CPU
		{75DFABBA-64FF-487F-8202-515F5689688B}.Debug|Any CPU.ActiveCfg = Debug|Any CPU
		{75DFABBA-64FF-487F-8202-515F5689688B}.Debug|Any CPU.Build.0 = Debug|Any CPU
		{75DFABBA-64FF-487F-8202-515F5689688B}.Debug|x64.ActiveCfg = Debug|Any CPU
		{75DFABBA-64FF-487F-8202-515F5689688B}.Debug|x64.Build.0 = Debug|Any CPU
		{75DFABBA-64FF-487F-8202-515F5689688B}.Debug|x86.ActiveCfg = Debug|Any CPU
		{75DFABBA-64FF-487F-8202-515F5689688B}.Debug|x86.Build.0 = Debug|Any CPU
		{75DFABBA-64FF-487F-8202-515F5689688B}.Release|Any CPU.ActiveCfg = Release|Any CPU
		{75DFABBA-64FF-487F-8202-515F5689688B}.Release|Any CPU.Build.0 = Release|Any CPU
		{75DFABBA-64FF-487F-8202-515F5689688B}.Release|x64.ActiveCfg = Release|Any CPU
		{75DFABBA-64FF-487F-8202-515F5689688B}.Release|x64.Build.0 = Release|Any CPU
		{75DFABBA-64FF-487F-8202-515F5689688B}.Release|x86.ActiveCfg = Release|Any CPU
		{75DFABBA-64FF-487F-8202-515F5689688B}.Release|x86.Build.0 = Release|Any CPU
		{D5FFADC1-E6D8-4621-B951-90C532D038C6}.Debug|Any CPU.ActiveCfg = Debug|Any CPU
		{D5FFADC1-E6D8-4621-B951-90C532D038C6}.Debug|Any CPU.Build.0 = Debug|Any CPU
		{D5FFADC1-E6D8-4621-B951-90C532D038C6}.Debug|x64.ActiveCfg = Debug|Any CPU
		{D5FFADC1-E6D8-4621-B951-90C532D038C6}.Debug|x64.Build.0 = Debug|Any CPU
		{D5FFADC1-E6D8-4621-B951-90C532D038C6}.Debug|x86.ActiveCfg = Debug|Any CPU
		{D5FFADC1-E6D8-4621-B951-90C532D038C6}.Debug|x86.Build.0 = Debug|Any CPU
		{D5FFADC1-E6D8-4621-B951-90C532D038C6}.Release|Any CPU.ActiveCfg = Release|Any CPU
		{D5FFADC1-E6D8-4621-B951-90C532D038C6}.Release|Any CPU.Build.0 = Release|Any CPU
		{D5FFADC1-E6D8-4621-B951-90C532D038C6}.Release|x64.ActiveCfg = Release|Any CPU
		{D5FFADC1-E6D8-4621-B951-90C532D038C6}.Release|x64.Build.0 = Release|Any CPU
		{D5FFADC1-E6D8-4621-B951-90C532D038C6}.Release|x86.ActiveCfg = Release|Any CPU
		{D5FFADC1-E6D8-4621-B951-90C532D038C6}.Release|x86.Build.0 = Release|Any CPU
		{870F785D-77CD-457B-9E66-35A4B2B7B8AB}.Debug|Any CPU.ActiveCfg = Debug|Any CPU
		{870F785D-77CD-457B-9E66-35A4B2B7B8AB}.Debug|Any CPU.Build.0 = Debug|Any CPU
		{870F785D-77CD-457B-9E66-35A4B2B7B8AB}.Debug|x64.ActiveCfg = Debug|Any CPU
		{870F785D-77CD-457B-9E66-35A4B2B7B8AB}.Debug|x64.Build.0 = Debug|Any CPU
		{870F785D-77CD-457B-9E66-35A4B2B7B8AB}.Debug|x86.ActiveCfg = Debug|Any CPU
		{870F785D-77CD-457B-9E66-35A4B2B7B8AB}.Debug|x86.Build.0 = Debug|Any CPU
		{870F785D-77CD-457B-9E66-35A4B2B7B8AB}.Release|Any CPU.ActiveCfg = Release|Any CPU
		{870F785D-77CD-457B-9E66-35A4B2B7B8AB}.Release|Any CPU.Build.0 = Release|Any CPU
		{870F785D-77CD-457B-9E66-35A4B2B7B8AB}.Release|x64.ActiveCfg = Release|Any CPU
		{870F785D-77CD-457B-9E66-35A4B2B7B8AB}.Release|x64.Build.0 = Release|Any CPU
		{870F785D-77CD-457B-9E66-35A4B2B7B8AB}.Release|x86.ActiveCfg = Release|Any CPU
		{870F785D-77CD-457B-9E66-35A4B2B7B8AB}.Release|x86.Build.0 = Release|Any CPU
		{76A6E39B-4F30-425F-898D-D57BF267744D}.Debug|Any CPU.ActiveCfg = Debug|Any CPU
		{76A6E39B-4F30-425F-898D-D57BF267744D}.Debug|Any CPU.Build.0 = Debug|Any CPU
		{76A6E39B-4F30-425F-898D-D57BF267744D}.Debug|x64.ActiveCfg = Debug|Any CPU
		{76A6E39B-4F30-425F-898D-D57BF267744D}.Debug|x64.Build.0 = Debug|Any CPU
		{76A6E39B-4F30-425F-898D-D57BF267744D}.Debug|x86.ActiveCfg = Debug|Any CPU
		{76A6E39B-4F30-425F-898D-D57BF267744D}.Debug|x86.Build.0 = Debug|Any CPU
		{76A6E39B-4F30-425F-898D-D57BF267744D}.Release|Any CPU.ActiveCfg = Release|Any CPU
		{76A6E39B-4F30-425F-898D-D57BF267744D}.Release|Any CPU.Build.0 = Release|Any CPU
		{76A6E39B-4F30-425F-898D-D57BF267744D}.Release|x64.ActiveCfg = Release|Any CPU
		{76A6E39B-4F30-425F-898D-D57BF267744D}.Release|x64.Build.0 = Release|Any CPU
		{76A6E39B-4F30-425F-898D-D57BF267744D}.Release|x86.ActiveCfg = Release|Any CPU
		{76A6E39B-4F30-425F-898D-D57BF267744D}.Release|x86.Build.0 = Release|Any CPU
		{8EBD75C5-1585-46DC-A404-63B753519615}.Debug|Any CPU.ActiveCfg = Debug|Any CPU
		{8EBD75C5-1585-46DC-A404-63B753519615}.Debug|Any CPU.Build.0 = Debug|Any CPU
		{8EBD75C5-1585-46DC-A404-63B753519615}.Debug|x64.ActiveCfg = Debug|Any CPU
		{8EBD75C5-1585-46DC-A404-63B753519615}.Debug|x64.Build.0 = Debug|Any CPU
		{8EBD75C5-1585-46DC-A404-63B753519615}.Debug|x86.ActiveCfg = Debug|Any CPU
		{8EBD75C5-1585-46DC-A404-63B753519615}.Debug|x86.Build.0 = Debug|Any CPU
		{8EBD75C5-1585-46DC-A404-63B753519615}.Release|Any CPU.ActiveCfg = Release|Any CPU
		{8EBD75C5-1585-46DC-A404-63B753519615}.Release|Any CPU.Build.0 = Release|Any CPU
		{8EBD75C5-1585-46DC-A404-63B753519615}.Release|x64.ActiveCfg = Release|Any CPU
		{8EBD75C5-1585-46DC-A404-63B753519615}.Release|x64.Build.0 = Release|Any CPU
		{8EBD75C5-1585-46DC-A404-63B753519615}.Release|x86.ActiveCfg = Release|Any CPU
		{8EBD75C5-1585-46DC-A404-63B753519615}.Release|x86.Build.0 = Release|Any CPU
		{C3DBD328-644B-48FF-A7B5-366D14C06A16}.Debug|Any CPU.ActiveCfg = Debug|Any CPU
		{C3DBD328-644B-48FF-A7B5-366D14C06A16}.Debug|Any CPU.Build.0 = Debug|Any CPU
		{C3DBD328-644B-48FF-A7B5-366D14C06A16}.Debug|x64.ActiveCfg = Debug|Any CPU
		{C3DBD328-644B-48FF-A7B5-366D14C06A16}.Debug|x64.Build.0 = Debug|Any CPU
		{C3DBD328-644B-48FF-A7B5-366D14C06A16}.Debug|x86.ActiveCfg = Debug|Any CPU
		{C3DBD328-644B-48FF-A7B5-366D14C06A16}.Debug|x86.Build.0 = Debug|Any CPU
		{C3DBD328-644B-48FF-A7B5-366D14C06A16}.Release|Any CPU.ActiveCfg = Release|Any CPU
		{C3DBD328-644B-48FF-A7B5-366D14C06A16}.Release|Any CPU.Build.0 = Release|Any CPU
		{C3DBD328-644B-48FF-A7B5-366D14C06A16}.Release|x64.ActiveCfg = Release|Any CPU
		{C3DBD328-644B-48FF-A7B5-366D14C06A16}.Release|x64.Build.0 = Release|Any CPU
		{C3DBD328-644B-48FF-A7B5-366D14C06A16}.Release|x86.ActiveCfg = Release|Any CPU
		{C3DBD328-644B-48FF-A7B5-366D14C06A16}.Release|x86.Build.0 = Release|Any CPU
		{73A476D1-59DF-422D-A652-C177A8D6F9CB}.Debug|Any CPU.ActiveCfg = Debug|Any CPU
		{73A476D1-59DF-422D-A652-C177A8D6F9CB}.Debug|Any CPU.Build.0 = Debug|Any CPU
		{73A476D1-59DF-422D-A652-C177A8D6F9CB}.Debug|x64.ActiveCfg = Debug|Any CPU
		{73A476D1-59DF-422D-A652-C177A8D6F9CB}.Debug|x64.Build.0 = Debug|Any CPU
		{73A476D1-59DF-422D-A652-C177A8D6F9CB}.Debug|x86.ActiveCfg = Debug|Any CPU
		{73A476D1-59DF-422D-A652-C177A8D6F9CB}.Debug|x86.Build.0 = Debug|Any CPU
		{73A476D1-59DF-422D-A652-C177A8D6F9CB}.Release|Any CPU.ActiveCfg = Release|Any CPU
		{73A476D1-59DF-422D-A652-C177A8D6F9CB}.Release|Any CPU.Build.0 = Release|Any CPU
		{73A476D1-59DF-422D-A652-C177A8D6F9CB}.Release|x64.ActiveCfg = Release|Any CPU
		{73A476D1-59DF-422D-A652-C177A8D6F9CB}.Release|x64.Build.0 = Release|Any CPU
		{73A476D1-59DF-422D-A652-C177A8D6F9CB}.Release|x86.ActiveCfg = Release|Any CPU
		{73A476D1-59DF-422D-A652-C177A8D6F9CB}.Release|x86.Build.0 = Release|Any CPU
		{0A3D3090-C058-415F-8E81-CC151C903096}.Debug|Any CPU.ActiveCfg = Debug|Any CPU
		{0A3D3090-C058-415F-8E81-CC151C903096}.Debug|Any CPU.Build.0 = Debug|Any CPU
		{0A3D3090-C058-415F-8E81-CC151C903096}.Debug|x64.ActiveCfg = Debug|Any CPU
		{0A3D3090-C058-415F-8E81-CC151C903096}.Debug|x64.Build.0 = Debug|Any CPU
		{0A3D3090-C058-415F-8E81-CC151C903096}.Debug|x86.ActiveCfg = Debug|Any CPU
		{0A3D3090-C058-415F-8E81-CC151C903096}.Debug|x86.Build.0 = Debug|Any CPU
		{0A3D3090-C058-415F-8E81-CC151C903096}.Release|Any CPU.ActiveCfg = Release|Any CPU
		{0A3D3090-C058-415F-8E81-CC151C903096}.Release|Any CPU.Build.0 = Release|Any CPU
		{0A3D3090-C058-415F-8E81-CC151C903096}.Release|x64.ActiveCfg = Release|Any CPU
		{0A3D3090-C058-415F-8E81-CC151C903096}.Release|x64.Build.0 = Release|Any CPU
		{0A3D3090-C058-415F-8E81-CC151C903096}.Release|x86.ActiveCfg = Release|Any CPU
		{0A3D3090-C058-415F-8E81-CC151C903096}.Release|x86.Build.0 = Release|Any CPU
		{29E2F070-7168-4589-9BB3-2C6D771F1DCE}.Debug|Any CPU.ActiveCfg = Debug|Any CPU
		{29E2F070-7168-4589-9BB3-2C6D771F1DCE}.Debug|Any CPU.Build.0 = Debug|Any CPU
		{29E2F070-7168-4589-9BB3-2C6D771F1DCE}.Debug|x64.ActiveCfg = Debug|Any CPU
		{29E2F070-7168-4589-9BB3-2C6D771F1DCE}.Debug|x64.Build.0 = Debug|Any CPU
		{29E2F070-7168-4589-9BB3-2C6D771F1DCE}.Debug|x86.ActiveCfg = Debug|Any CPU
		{29E2F070-7168-4589-9BB3-2C6D771F1DCE}.Debug|x86.Build.0 = Debug|Any CPU
		{29E2F070-7168-4589-9BB3-2C6D771F1DCE}.Release|Any CPU.ActiveCfg = Release|Any CPU
		{29E2F070-7168-4589-9BB3-2C6D771F1DCE}.Release|Any CPU.Build.0 = Release|Any CPU
		{29E2F070-7168-4589-9BB3-2C6D771F1DCE}.Release|x64.ActiveCfg = Release|Any CPU
		{29E2F070-7168-4589-9BB3-2C6D771F1DCE}.Release|x64.Build.0 = Release|Any CPU
		{29E2F070-7168-4589-9BB3-2C6D771F1DCE}.Release|x86.ActiveCfg = Release|Any CPU
		{29E2F070-7168-4589-9BB3-2C6D771F1DCE}.Release|x86.Build.0 = Release|Any CPU
		{6C776353-5380-4313-BCA2-6EFD06897AE5}.Debug|Any CPU.ActiveCfg = Debug|Any CPU
		{6C776353-5380-4313-BCA2-6EFD06897AE5}.Debug|Any CPU.Build.0 = Debug|Any CPU
		{6C776353-5380-4313-BCA2-6EFD06897AE5}.Debug|x64.ActiveCfg = Debug|Any CPU
		{6C776353-5380-4313-BCA2-6EFD06897AE5}.Debug|x64.Build.0 = Debug|Any CPU
		{6C776353-5380-4313-BCA2-6EFD06897AE5}.Debug|x86.ActiveCfg = Debug|Any CPU
		{6C776353-5380-4313-BCA2-6EFD06897AE5}.Debug|x86.Build.0 = Debug|Any CPU
		{6C776353-5380-4313-BCA2-6EFD06897AE5}.Release|Any CPU.ActiveCfg = Release|Any CPU
		{6C776353-5380-4313-BCA2-6EFD06897AE5}.Release|Any CPU.Build.0 = Release|Any CPU
		{6C776353-5380-4313-BCA2-6EFD06897AE5}.Release|x64.ActiveCfg = Release|Any CPU
		{6C776353-5380-4313-BCA2-6EFD06897AE5}.Release|x64.Build.0 = Release|Any CPU
		{6C776353-5380-4313-BCA2-6EFD06897AE5}.Release|x86.ActiveCfg = Release|Any CPU
		{6C776353-5380-4313-BCA2-6EFD06897AE5}.Release|x86.Build.0 = Release|Any CPU
		{AC9A7B0D-21B4-450D-BB81-444917080C42}.Debug|Any CPU.ActiveCfg = Debug|Any CPU
		{AC9A7B0D-21B4-450D-BB81-444917080C42}.Debug|Any CPU.Build.0 = Debug|Any CPU
		{AC9A7B0D-21B4-450D-BB81-444917080C42}.Debug|x64.ActiveCfg = Debug|Any CPU
		{AC9A7B0D-21B4-450D-BB81-444917080C42}.Debug|x64.Build.0 = Debug|Any CPU
		{AC9A7B0D-21B4-450D-BB81-444917080C42}.Debug|x86.ActiveCfg = Debug|Any CPU
		{AC9A7B0D-21B4-450D-BB81-444917080C42}.Debug|x86.Build.0 = Debug|Any CPU
		{AC9A7B0D-21B4-450D-BB81-444917080C42}.Release|Any CPU.ActiveCfg = Release|Any CPU
		{AC9A7B0D-21B4-450D-BB81-444917080C42}.Release|Any CPU.Build.0 = Release|Any CPU
		{AC9A7B0D-21B4-450D-BB81-444917080C42}.Release|x64.ActiveCfg = Release|Any CPU
		{AC9A7B0D-21B4-450D-BB81-444917080C42}.Release|x64.Build.0 = Release|Any CPU
		{AC9A7B0D-21B4-450D-BB81-444917080C42}.Release|x86.ActiveCfg = Release|Any CPU
		{AC9A7B0D-21B4-450D-BB81-444917080C42}.Release|x86.Build.0 = Release|Any CPU
		{A5133B12-3021-4C73-A807-DD11AEC13726}.Debug|Any CPU.ActiveCfg = Debug|Any CPU
		{A5133B12-3021-4C73-A807-DD11AEC13726}.Debug|Any CPU.Build.0 = Debug|Any CPU
		{A5133B12-3021-4C73-A807-DD11AEC13726}.Debug|x64.ActiveCfg = Debug|Any CPU
		{A5133B12-3021-4C73-A807-DD11AEC13726}.Debug|x64.Build.0 = Debug|Any CPU
		{A5133B12-3021-4C73-A807-DD11AEC13726}.Debug|x86.ActiveCfg = Debug|Any CPU
		{A5133B12-3021-4C73-A807-DD11AEC13726}.Debug|x86.Build.0 = Debug|Any CPU
		{A5133B12-3021-4C73-A807-DD11AEC13726}.Release|Any CPU.ActiveCfg = Release|Any CPU
		{A5133B12-3021-4C73-A807-DD11AEC13726}.Release|Any CPU.Build.0 = Release|Any CPU
		{A5133B12-3021-4C73-A807-DD11AEC13726}.Release|x64.ActiveCfg = Release|Any CPU
		{A5133B12-3021-4C73-A807-DD11AEC13726}.Release|x64.Build.0 = Release|Any CPU
		{A5133B12-3021-4C73-A807-DD11AEC13726}.Release|x86.ActiveCfg = Release|Any CPU
		{A5133B12-3021-4C73-A807-DD11AEC13726}.Release|x86.Build.0 = Release|Any CPU
		{B7006487-B9BC-46CF-8BA6-F46D37408519}.Debug|Any CPU.ActiveCfg = Debug|Any CPU
		{B7006487-B9BC-46CF-8BA6-F46D37408519}.Debug|Any CPU.Build.0 = Debug|Any CPU
		{B7006487-B9BC-46CF-8BA6-F46D37408519}.Debug|x64.ActiveCfg = Debug|Any CPU
		{B7006487-B9BC-46CF-8BA6-F46D37408519}.Debug|x64.Build.0 = Debug|Any CPU
		{B7006487-B9BC-46CF-8BA6-F46D37408519}.Debug|x86.ActiveCfg = Debug|Any CPU
		{B7006487-B9BC-46CF-8BA6-F46D37408519}.Debug|x86.Build.0 = Debug|Any CPU
		{B7006487-B9BC-46CF-8BA6-F46D37408519}.Release|Any CPU.ActiveCfg = Release|Any CPU
		{B7006487-B9BC-46CF-8BA6-F46D37408519}.Release|Any CPU.Build.0 = Release|Any CPU
		{B7006487-B9BC-46CF-8BA6-F46D37408519}.Release|x64.ActiveCfg = Release|Any CPU
		{B7006487-B9BC-46CF-8BA6-F46D37408519}.Release|x64.Build.0 = Release|Any CPU
		{B7006487-B9BC-46CF-8BA6-F46D37408519}.Release|x86.ActiveCfg = Release|Any CPU
		{B7006487-B9BC-46CF-8BA6-F46D37408519}.Release|x86.Build.0 = Release|Any CPU
		{6DF48E34-0F0E-4AC9-83DD-5D9F17AEA14D}.Debug|Any CPU.ActiveCfg = Debug|Any CPU
		{6DF48E34-0F0E-4AC9-83DD-5D9F17AEA14D}.Debug|Any CPU.Build.0 = Debug|Any CPU
		{6DF48E34-0F0E-4AC9-83DD-5D9F17AEA14D}.Debug|x64.ActiveCfg = Debug|Any CPU
		{6DF48E34-0F0E-4AC9-83DD-5D9F17AEA14D}.Debug|x64.Build.0 = Debug|Any CPU
		{6DF48E34-0F0E-4AC9-83DD-5D9F17AEA14D}.Debug|x86.ActiveCfg = Debug|Any CPU
		{6DF48E34-0F0E-4AC9-83DD-5D9F17AEA14D}.Debug|x86.Build.0 = Debug|Any CPU
		{6DF48E34-0F0E-4AC9-83DD-5D9F17AEA14D}.Release|Any CPU.ActiveCfg = Release|Any CPU
		{6DF48E34-0F0E-4AC9-83DD-5D9F17AEA14D}.Release|Any CPU.Build.0 = Release|Any CPU
		{6DF48E34-0F0E-4AC9-83DD-5D9F17AEA14D}.Release|x64.ActiveCfg = Release|Any CPU
		{6DF48E34-0F0E-4AC9-83DD-5D9F17AEA14D}.Release|x64.Build.0 = Release|Any CPU
		{6DF48E34-0F0E-4AC9-83DD-5D9F17AEA14D}.Release|x86.ActiveCfg = Release|Any CPU
		{6DF48E34-0F0E-4AC9-83DD-5D9F17AEA14D}.Release|x86.Build.0 = Release|Any CPU
		{7A684008-0FAD-413A-B62B-3904B96280D3}.Debug|Any CPU.ActiveCfg = Debug|Any CPU
		{7A684008-0FAD-413A-B62B-3904B96280D3}.Debug|Any CPU.Build.0 = Debug|Any CPU
		{7A684008-0FAD-413A-B62B-3904B96280D3}.Debug|x64.ActiveCfg = Debug|Any CPU
		{7A684008-0FAD-413A-B62B-3904B96280D3}.Debug|x64.Build.0 = Debug|Any CPU
		{7A684008-0FAD-413A-B62B-3904B96280D3}.Debug|x86.ActiveCfg = Debug|Any CPU
		{7A684008-0FAD-413A-B62B-3904B96280D3}.Debug|x86.Build.0 = Debug|Any CPU
		{7A684008-0FAD-413A-B62B-3904B96280D3}.Release|Any CPU.ActiveCfg = Release|Any CPU
		{7A684008-0FAD-413A-B62B-3904B96280D3}.Release|Any CPU.Build.0 = Release|Any CPU
		{7A684008-0FAD-413A-B62B-3904B96280D3}.Release|x64.ActiveCfg = Release|Any CPU
		{7A684008-0FAD-413A-B62B-3904B96280D3}.Release|x64.Build.0 = Release|Any CPU
		{7A684008-0FAD-413A-B62B-3904B96280D3}.Release|x86.ActiveCfg = Release|Any CPU
		{7A684008-0FAD-413A-B62B-3904B96280D3}.Release|x86.Build.0 = Release|Any CPU
		{510B3C4E-B388-4F4C-9FA8-DC5EA33B10A3}.Debug|Any CPU.ActiveCfg = Debug|Any CPU
		{510B3C4E-B388-4F4C-9FA8-DC5EA33B10A3}.Debug|Any CPU.Build.0 = Debug|Any CPU
		{510B3C4E-B388-4F4C-9FA8-DC5EA33B10A3}.Debug|x64.ActiveCfg = Debug|Any CPU
		{510B3C4E-B388-4F4C-9FA8-DC5EA33B10A3}.Debug|x64.Build.0 = Debug|Any CPU
		{510B3C4E-B388-4F4C-9FA8-DC5EA33B10A3}.Debug|x86.ActiveCfg = Debug|Any CPU
		{510B3C4E-B388-4F4C-9FA8-DC5EA33B10A3}.Debug|x86.Build.0 = Debug|Any CPU
		{510B3C4E-B388-4F4C-9FA8-DC5EA33B10A3}.Release|Any CPU.ActiveCfg = Release|Any CPU
		{510B3C4E-B388-4F4C-9FA8-DC5EA33B10A3}.Release|Any CPU.Build.0 = Release|Any CPU
		{510B3C4E-B388-4F4C-9FA8-DC5EA33B10A3}.Release|x64.ActiveCfg = Release|Any CPU
		{510B3C4E-B388-4F4C-9FA8-DC5EA33B10A3}.Release|x64.Build.0 = Release|Any CPU
		{510B3C4E-B388-4F4C-9FA8-DC5EA33B10A3}.Release|x86.ActiveCfg = Release|Any CPU
		{510B3C4E-B388-4F4C-9FA8-DC5EA33B10A3}.Release|x86.Build.0 = Release|Any CPU
		{4BB31449-F592-4711-BE3C-9A83B9659DE1}.Debug|Any CPU.ActiveCfg = Debug|Any CPU
		{4BB31449-F592-4711-BE3C-9A83B9659DE1}.Debug|Any CPU.Build.0 = Debug|Any CPU
		{4BB31449-F592-4711-BE3C-9A83B9659DE1}.Debug|x64.ActiveCfg = Debug|Any CPU
		{4BB31449-F592-4711-BE3C-9A83B9659DE1}.Debug|x64.Build.0 = Debug|Any CPU
		{4BB31449-F592-4711-BE3C-9A83B9659DE1}.Debug|x86.ActiveCfg = Debug|Any CPU
		{4BB31449-F592-4711-BE3C-9A83B9659DE1}.Debug|x86.Build.0 = Debug|Any CPU
		{4BB31449-F592-4711-BE3C-9A83B9659DE1}.Release|Any CPU.ActiveCfg = Release|Any CPU
		{4BB31449-F592-4711-BE3C-9A83B9659DE1}.Release|Any CPU.Build.0 = Release|Any CPU
		{4BB31449-F592-4711-BE3C-9A83B9659DE1}.Release|x64.ActiveCfg = Release|Any CPU
		{4BB31449-F592-4711-BE3C-9A83B9659DE1}.Release|x64.Build.0 = Release|Any CPU
		{4BB31449-F592-4711-BE3C-9A83B9659DE1}.Release|x86.ActiveCfg = Release|Any CPU
		{4BB31449-F592-4711-BE3C-9A83B9659DE1}.Release|x86.Build.0 = Release|Any CPU
		{684796FA-5163-4A0F-BF72-7691C12201FE}.Debug|Any CPU.ActiveCfg = Debug|Any CPU
		{684796FA-5163-4A0F-BF72-7691C12201FE}.Debug|Any CPU.Build.0 = Debug|Any CPU
		{684796FA-5163-4A0F-BF72-7691C12201FE}.Debug|x64.ActiveCfg = Debug|Any CPU
		{684796FA-5163-4A0F-BF72-7691C12201FE}.Debug|x64.Build.0 = Debug|Any CPU
		{684796FA-5163-4A0F-BF72-7691C12201FE}.Debug|x86.ActiveCfg = Debug|Any CPU
		{684796FA-5163-4A0F-BF72-7691C12201FE}.Debug|x86.Build.0 = Debug|Any CPU
		{684796FA-5163-4A0F-BF72-7691C12201FE}.Release|Any CPU.ActiveCfg = Release|Any CPU
		{684796FA-5163-4A0F-BF72-7691C12201FE}.Release|Any CPU.Build.0 = Release|Any CPU
		{684796FA-5163-4A0F-BF72-7691C12201FE}.Release|x64.ActiveCfg = Release|Any CPU
		{684796FA-5163-4A0F-BF72-7691C12201FE}.Release|x64.Build.0 = Release|Any CPU
		{684796FA-5163-4A0F-BF72-7691C12201FE}.Release|x86.ActiveCfg = Release|Any CPU
		{684796FA-5163-4A0F-BF72-7691C12201FE}.Release|x86.Build.0 = Release|Any CPU
		{5288B89C-7599-4143-AF2D-2BF6B58D2BB6}.Debug|Any CPU.ActiveCfg = Debug|Any CPU
		{5288B89C-7599-4143-AF2D-2BF6B58D2BB6}.Debug|Any CPU.Build.0 = Debug|Any CPU
		{5288B89C-7599-4143-AF2D-2BF6B58D2BB6}.Debug|x64.ActiveCfg = Debug|Any CPU
		{5288B89C-7599-4143-AF2D-2BF6B58D2BB6}.Debug|x64.Build.0 = Debug|Any CPU
		{5288B89C-7599-4143-AF2D-2BF6B58D2BB6}.Debug|x86.ActiveCfg = Debug|Any CPU
		{5288B89C-7599-4143-AF2D-2BF6B58D2BB6}.Debug|x86.Build.0 = Debug|Any CPU
		{5288B89C-7599-4143-AF2D-2BF6B58D2BB6}.Release|Any CPU.ActiveCfg = Release|Any CPU
		{5288B89C-7599-4143-AF2D-2BF6B58D2BB6}.Release|Any CPU.Build.0 = Release|Any CPU
		{5288B89C-7599-4143-AF2D-2BF6B58D2BB6}.Release|x64.ActiveCfg = Release|Any CPU
		{5288B89C-7599-4143-AF2D-2BF6B58D2BB6}.Release|x64.Build.0 = Release|Any CPU
		{5288B89C-7599-4143-AF2D-2BF6B58D2BB6}.Release|x86.ActiveCfg = Release|Any CPU
		{5288B89C-7599-4143-AF2D-2BF6B58D2BB6}.Release|x86.Build.0 = Release|Any CPU
		{E699F958-DAC0-4DC2-9477-907F56EC7B2A}.Debug|Any CPU.ActiveCfg = Debug|Any CPU
		{E699F958-DAC0-4DC2-9477-907F56EC7B2A}.Debug|Any CPU.Build.0 = Debug|Any CPU
		{E699F958-DAC0-4DC2-9477-907F56EC7B2A}.Debug|x64.ActiveCfg = Debug|Any CPU
		{E699F958-DAC0-4DC2-9477-907F56EC7B2A}.Debug|x64.Build.0 = Debug|Any CPU
		{E699F958-DAC0-4DC2-9477-907F56EC7B2A}.Debug|x86.ActiveCfg = Debug|Any CPU
		{E699F958-DAC0-4DC2-9477-907F56EC7B2A}.Debug|x86.Build.0 = Debug|Any CPU
		{E699F958-DAC0-4DC2-9477-907F56EC7B2A}.Release|Any CPU.ActiveCfg = Release|Any CPU
		{E699F958-DAC0-4DC2-9477-907F56EC7B2A}.Release|Any CPU.Build.0 = Release|Any CPU
		{E699F958-DAC0-4DC2-9477-907F56EC7B2A}.Release|x64.ActiveCfg = Release|Any CPU
		{E699F958-DAC0-4DC2-9477-907F56EC7B2A}.Release|x64.Build.0 = Release|Any CPU
		{E699F958-DAC0-4DC2-9477-907F56EC7B2A}.Release|x86.ActiveCfg = Release|Any CPU
		{E699F958-DAC0-4DC2-9477-907F56EC7B2A}.Release|x86.Build.0 = Release|Any CPU
		{E866CAB2-DF6E-4455-B020-3AB6414A2CF1}.Debug|Any CPU.ActiveCfg = Debug|Any CPU
		{E866CAB2-DF6E-4455-B020-3AB6414A2CF1}.Debug|Any CPU.Build.0 = Debug|Any CPU
		{E866CAB2-DF6E-4455-B020-3AB6414A2CF1}.Debug|x64.ActiveCfg = Debug|Any CPU
		{E866CAB2-DF6E-4455-B020-3AB6414A2CF1}.Debug|x64.Build.0 = Debug|Any CPU
		{E866CAB2-DF6E-4455-B020-3AB6414A2CF1}.Debug|x86.ActiveCfg = Debug|Any CPU
		{E866CAB2-DF6E-4455-B020-3AB6414A2CF1}.Debug|x86.Build.0 = Debug|Any CPU
		{E866CAB2-DF6E-4455-B020-3AB6414A2CF1}.Release|Any CPU.ActiveCfg = Release|Any CPU
		{E866CAB2-DF6E-4455-B020-3AB6414A2CF1}.Release|Any CPU.Build.0 = Release|Any CPU
		{E866CAB2-DF6E-4455-B020-3AB6414A2CF1}.Release|x64.ActiveCfg = Release|Any CPU
		{E866CAB2-DF6E-4455-B020-3AB6414A2CF1}.Release|x64.Build.0 = Release|Any CPU
		{E866CAB2-DF6E-4455-B020-3AB6414A2CF1}.Release|x86.ActiveCfg = Release|Any CPU
		{E866CAB2-DF6E-4455-B020-3AB6414A2CF1}.Release|x86.Build.0 = Release|Any CPU
		{E49AF9D6-AB71-420D-A61E-5A2F69940B83}.Debug|Any CPU.ActiveCfg = Debug|Any CPU
		{E49AF9D6-AB71-420D-A61E-5A2F69940B83}.Debug|Any CPU.Build.0 = Debug|Any CPU
		{E49AF9D6-AB71-420D-A61E-5A2F69940B83}.Debug|x64.ActiveCfg = Debug|Any CPU
		{E49AF9D6-AB71-420D-A61E-5A2F69940B83}.Debug|x64.Build.0 = Debug|Any CPU
		{E49AF9D6-AB71-420D-A61E-5A2F69940B83}.Debug|x86.ActiveCfg = Debug|Any CPU
		{E49AF9D6-AB71-420D-A61E-5A2F69940B83}.Debug|x86.Build.0 = Debug|Any CPU
		{E49AF9D6-AB71-420D-A61E-5A2F69940B83}.Release|Any CPU.ActiveCfg = Release|Any CPU
		{E49AF9D6-AB71-420D-A61E-5A2F69940B83}.Release|Any CPU.Build.0 = Release|Any CPU
		{E49AF9D6-AB71-420D-A61E-5A2F69940B83}.Release|x64.ActiveCfg = Release|Any CPU
		{E49AF9D6-AB71-420D-A61E-5A2F69940B83}.Release|x64.Build.0 = Release|Any CPU
		{E49AF9D6-AB71-420D-A61E-5A2F69940B83}.Release|x86.ActiveCfg = Release|Any CPU
		{E49AF9D6-AB71-420D-A61E-5A2F69940B83}.Release|x86.Build.0 = Release|Any CPU
		{52AECED8-AF01-4CA3-A3C7-7C94BD0820A8}.Debug|Any CPU.ActiveCfg = Debug|Any CPU
		{52AECED8-AF01-4CA3-A3C7-7C94BD0820A8}.Debug|Any CPU.Build.0 = Debug|Any CPU
		{52AECED8-AF01-4CA3-A3C7-7C94BD0820A8}.Debug|x64.ActiveCfg = Debug|Any CPU
		{52AECED8-AF01-4CA3-A3C7-7C94BD0820A8}.Debug|x64.Build.0 = Debug|Any CPU
		{52AECED8-AF01-4CA3-A3C7-7C94BD0820A8}.Debug|x86.ActiveCfg = Debug|Any CPU
		{52AECED8-AF01-4CA3-A3C7-7C94BD0820A8}.Debug|x86.Build.0 = Debug|Any CPU
		{52AECED8-AF01-4CA3-A3C7-7C94BD0820A8}.Release|Any CPU.ActiveCfg = Release|Any CPU
		{52AECED8-AF01-4CA3-A3C7-7C94BD0820A8}.Release|Any CPU.Build.0 = Release|Any CPU
		{52AECED8-AF01-4CA3-A3C7-7C94BD0820A8}.Release|x64.ActiveCfg = Release|Any CPU
		{52AECED8-AF01-4CA3-A3C7-7C94BD0820A8}.Release|x64.Build.0 = Release|Any CPU
		{52AECED8-AF01-4CA3-A3C7-7C94BD0820A8}.Release|x86.ActiveCfg = Release|Any CPU
		{52AECED8-AF01-4CA3-A3C7-7C94BD0820A8}.Release|x86.Build.0 = Release|Any CPU
		{B8556016-D55D-4C84-B331-5369129D6A5F}.Debug|Any CPU.ActiveCfg = Debug|Any CPU
		{B8556016-D55D-4C84-B331-5369129D6A5F}.Debug|Any CPU.Build.0 = Debug|Any CPU
		{B8556016-D55D-4C84-B331-5369129D6A5F}.Debug|x64.ActiveCfg = Debug|Any CPU
		{B8556016-D55D-4C84-B331-5369129D6A5F}.Debug|x64.Build.0 = Debug|Any CPU
		{B8556016-D55D-4C84-B331-5369129D6A5F}.Debug|x86.ActiveCfg = Debug|Any CPU
		{B8556016-D55D-4C84-B331-5369129D6A5F}.Debug|x86.Build.0 = Debug|Any CPU
		{B8556016-D55D-4C84-B331-5369129D6A5F}.Release|Any CPU.ActiveCfg = Release|Any CPU
		{B8556016-D55D-4C84-B331-5369129D6A5F}.Release|Any CPU.Build.0 = Release|Any CPU
		{B8556016-D55D-4C84-B331-5369129D6A5F}.Release|x64.ActiveCfg = Release|Any CPU
		{B8556016-D55D-4C84-B331-5369129D6A5F}.Release|x64.Build.0 = Release|Any CPU
		{B8556016-D55D-4C84-B331-5369129D6A5F}.Release|x86.ActiveCfg = Release|Any CPU
		{B8556016-D55D-4C84-B331-5369129D6A5F}.Release|x86.Build.0 = Release|Any CPU
		{2D6C4BA5-BA0D-4C6D-BC29-FF5C80D85198}.Debug|Any CPU.ActiveCfg = Debug|Any CPU
		{2D6C4BA5-BA0D-4C6D-BC29-FF5C80D85198}.Debug|Any CPU.Build.0 = Debug|Any CPU
		{2D6C4BA5-BA0D-4C6D-BC29-FF5C80D85198}.Debug|x64.ActiveCfg = Debug|Any CPU
		{2D6C4BA5-BA0D-4C6D-BC29-FF5C80D85198}.Debug|x64.Build.0 = Debug|Any CPU
		{2D6C4BA5-BA0D-4C6D-BC29-FF5C80D85198}.Debug|x86.ActiveCfg = Debug|Any CPU
		{2D6C4BA5-BA0D-4C6D-BC29-FF5C80D85198}.Debug|x86.Build.0 = Debug|Any CPU
		{2D6C4BA5-BA0D-4C6D-BC29-FF5C80D85198}.Release|Any CPU.ActiveCfg = Release|Any CPU
		{2D6C4BA5-BA0D-4C6D-BC29-FF5C80D85198}.Release|Any CPU.Build.0 = Release|Any CPU
		{2D6C4BA5-BA0D-4C6D-BC29-FF5C80D85198}.Release|x64.ActiveCfg = Release|Any CPU
		{2D6C4BA5-BA0D-4C6D-BC29-FF5C80D85198}.Release|x64.Build.0 = Release|Any CPU
		{2D6C4BA5-BA0D-4C6D-BC29-FF5C80D85198}.Release|x86.ActiveCfg = Release|Any CPU
		{2D6C4BA5-BA0D-4C6D-BC29-FF5C80D85198}.Release|x86.Build.0 = Release|Any CPU
		{D3836F1B-3554-4F71-B450-FC23F467CD0A}.Debug|Any CPU.ActiveCfg = Debug|Any CPU
		{D3836F1B-3554-4F71-B450-FC23F467CD0A}.Debug|Any CPU.Build.0 = Debug|Any CPU
		{D3836F1B-3554-4F71-B450-FC23F467CD0A}.Debug|x64.ActiveCfg = Debug|Any CPU
		{D3836F1B-3554-4F71-B450-FC23F467CD0A}.Debug|x64.Build.0 = Debug|Any CPU
		{D3836F1B-3554-4F71-B450-FC23F467CD0A}.Debug|x86.ActiveCfg = Debug|Any CPU
		{D3836F1B-3554-4F71-B450-FC23F467CD0A}.Debug|x86.Build.0 = Debug|Any CPU
		{D3836F1B-3554-4F71-B450-FC23F467CD0A}.Release|Any CPU.ActiveCfg = Release|Any CPU
		{D3836F1B-3554-4F71-B450-FC23F467CD0A}.Release|Any CPU.Build.0 = Release|Any CPU
		{D3836F1B-3554-4F71-B450-FC23F467CD0A}.Release|x64.ActiveCfg = Release|Any CPU
		{D3836F1B-3554-4F71-B450-FC23F467CD0A}.Release|x64.Build.0 = Release|Any CPU
		{D3836F1B-3554-4F71-B450-FC23F467CD0A}.Release|x86.ActiveCfg = Release|Any CPU
		{D3836F1B-3554-4F71-B450-FC23F467CD0A}.Release|x86.Build.0 = Release|Any CPU
	EndGlobalSection
	GlobalSection(SolutionProperties) = preSolution
		HideSolutionNode = FALSE
	EndGlobalSection
	GlobalSection(NestedProjects) = preSolution
		{95D5904F-C4F1-40A2-A563-31D80424EB90} = {9215C79D-E513-43D1-AF8D-B7BC839A9124}
		{C127651A-9D2C-45A8-8BFF-1AD0EC6EC6B4} = {9215C79D-E513-43D1-AF8D-B7BC839A9124}
		{7085607A-F314-4E78-9A0B-550B7CA489B4} = {9215C79D-E513-43D1-AF8D-B7BC839A9124}
		{810DDC7D-3C47-4ABD-8841-0637B9E17113} = {9215C79D-E513-43D1-AF8D-B7BC839A9124}
		{699B7D6A-974A-4B95-BED5-881299273AD7} = {9215C79D-E513-43D1-AF8D-B7BC839A9124}
		{87C033AF-505A-452A-AB09-BDD1C2A4ABD9} = {9215C79D-E513-43D1-AF8D-B7BC839A9124}
		{75DFABBA-64FF-487F-8202-515F5689688B} = {9215C79D-E513-43D1-AF8D-B7BC839A9124}
		{D5FFADC1-E6D8-4621-B951-90C532D038C6} = {9215C79D-E513-43D1-AF8D-B7BC839A9124}
		{870F785D-77CD-457B-9E66-35A4B2B7B8AB} = {9215C79D-E513-43D1-AF8D-B7BC839A9124}
		{76A6E39B-4F30-425F-898D-D57BF267744D} = {9215C79D-E513-43D1-AF8D-B7BC839A9124}
		{8EBD75C5-1585-46DC-A404-63B753519615} = {9215C79D-E513-43D1-AF8D-B7BC839A9124}
		{C3DBD328-644B-48FF-A7B5-366D14C06A16} = {9215C79D-E513-43D1-AF8D-B7BC839A9124}
		{73A476D1-59DF-422D-A652-C177A8D6F9CB} = {9215C79D-E513-43D1-AF8D-B7BC839A9124}
		{0A3D3090-C058-415F-8E81-CC151C903096} = {9215C79D-E513-43D1-AF8D-B7BC839A9124}
		{29E2F070-7168-4589-9BB3-2C6D771F1DCE} = {9215C79D-E513-43D1-AF8D-B7BC839A9124}
		{6C776353-5380-4313-BCA2-6EFD06897AE5} = {9215C79D-E513-43D1-AF8D-B7BC839A9124}
		{AC9A7B0D-21B4-450D-BB81-444917080C42} = {9215C79D-E513-43D1-AF8D-B7BC839A9124}
		{A5133B12-3021-4C73-A807-DD11AEC13726} = {9215C79D-E513-43D1-AF8D-B7BC839A9124}
		{B7006487-B9BC-46CF-8BA6-F46D37408519} = {9215C79D-E513-43D1-AF8D-B7BC839A9124}
		{6DF48E34-0F0E-4AC9-83DD-5D9F17AEA14D} = {9215C79D-E513-43D1-AF8D-B7BC839A9124}
		{7A684008-0FAD-413A-B62B-3904B96280D3} = {9215C79D-E513-43D1-AF8D-B7BC839A9124}
		{510B3C4E-B388-4F4C-9FA8-DC5EA33B10A3} = {9215C79D-E513-43D1-AF8D-B7BC839A9124}
		{4BB31449-F592-4711-BE3C-9A83B9659DE1} = {9215C79D-E513-43D1-AF8D-B7BC839A9124}
		{684796FA-5163-4A0F-BF72-7691C12201FE} = {9215C79D-E513-43D1-AF8D-B7BC839A9124}
		{5288B89C-7599-4143-AF2D-2BF6B58D2BB6} = {9215C79D-E513-43D1-AF8D-B7BC839A9124}
		{E699F958-DAC0-4DC2-9477-907F56EC7B2A} = {9215C79D-E513-43D1-AF8D-B7BC839A9124}
		{E866CAB2-DF6E-4455-B020-3AB6414A2CF1} = {9215C79D-E513-43D1-AF8D-B7BC839A9124}
		{E49AF9D6-AB71-420D-A61E-5A2F69940B83} = {9215C79D-E513-43D1-AF8D-B7BC839A9124}
		{52AECED8-AF01-4CA3-A3C7-7C94BD0820A8} = {9215C79D-E513-43D1-AF8D-B7BC839A9124}
		{B8556016-D55D-4C84-B331-5369129D6A5F} = {9215C79D-E513-43D1-AF8D-B7BC839A9124}
		{2D6C4BA5-BA0D-4C6D-BC29-FF5C80D85198} = {9215C79D-E513-43D1-AF8D-B7BC839A9124}
		{D3836F1B-3554-4F71-B450-FC23F467CD0A} = {9215C79D-E513-43D1-AF8D-B7BC839A9124}
	EndGlobalSection
	GlobalSection(ExtensibilityGlobals) = postSolution
		SolutionGuid = {53C48CAC-8050-44A2-B930-9273F442173C}
	EndGlobalSection
EndGlobal
